// !$*UTF8*$!
{
	archiveVersion = 1;
	classes = {
	};
	objectVersion = 46;
	objects = {

/* Begin PBXBuildFile section */
		960162641C99C39C00A57327 /* AppDelegate.swift in Sources */ = {isa = PBXBuildFile; fileRef = 960162631C99C39C00A57327 /* AppDelegate.swift */; };
		960162661C99C39C00A57327 /* GameScene.sks in Resources */ = {isa = PBXBuildFile; fileRef = 960162651C99C39C00A57327 /* GameScene.sks */; };
		960162681C99C39C00A57327 /* GameScene.swift in Sources */ = {isa = PBXBuildFile; fileRef = 960162671C99C39C00A57327 /* GameScene.swift */; };
		9601626A1C99C39C00A57327 /* GameViewController.swift in Sources */ = {isa = PBXBuildFile; fileRef = 960162691C99C39C00A57327 /* GameViewController.swift */; };
		9601626D1C99C39C00A57327 /* Main.storyboard in Resources */ = {isa = PBXBuildFile; fileRef = 9601626B1C99C39C00A57327 /* Main.storyboard */; };
		9601626F1C99C39C00A57327 /* Assets.xcassets in Resources */ = {isa = PBXBuildFile; fileRef = 9601626E1C99C39C00A57327 /* Assets.xcassets */; };
		960162721C99C39C00A57327 /* LaunchScreen.storyboard in Resources */ = {isa = PBXBuildFile; fileRef = 960162701C99C39C00A57327 /* LaunchScreen.storyboard */; };
		9601627E1C99C6B400A57327 /* bg.png in Resources */ = {isa = PBXBuildFile; fileRef = 960162791C99C6B400A57327 /* bg.png */; };
		9601627F1C99C6B400A57327 /* flappy1.png in Resources */ = {isa = PBXBuildFile; fileRef = 9601627A1C99C6B400A57327 /* flappy1.png */; };
		960162801C99C6B400A57327 /* flappy2.png in Resources */ = {isa = PBXBuildFile; fileRef = 9601627B1C99C6B400A57327 /* flappy2.png */; };
		960162811C99C6B400A57327 /* pipe1.png in Resources */ = {isa = PBXBuildFile; fileRef = 9601627C1C99C6B400A57327 /* pipe1.png */; };
		960162821C99C6B400A57327 /* pipe2.png in Resources */ = {isa = PBXBuildFile; fileRef = 9601627D1C99C6B400A57327 /* pipe2.png */; };
/* End PBXBuildFile section */

/* Begin PBXFileReference section */
		960162601C99C39C00A57327 /* Flappy Bird.app */ = {isa = PBXFileReference; explicitFileType = wrapper.application; includeInIndex = 0; path = "Flappy Bird.app"; sourceTree = BUILT_PRODUCTS_DIR; };
		960162631C99C39C00A57327 /* AppDelegate.swift */ = {isa = PBXFileReference; lastKnownFileType = sourcecode.swift; path = AppDelegate.swift; sourceTree = "<group>"; };
		960162651C99C39C00A57327 /* GameScene.sks */ = {isa = PBXFileReference; lastKnownFileType = file.sks; path = GameScene.sks; sourceTree = "<group>"; };
		960162671C99C39C00A57327 /* GameScene.swift */ = {isa = PBXFileReference; lastKnownFileType = sourcecode.swift; path = GameScene.swift; sourceTree = "<group>"; };
		960162691C99C39C00A57327 /* GameViewController.swift */ = {isa = PBXFileReference; lastKnownFileType = sourcecode.swift; path = GameViewController.swift; sourceTree = "<group>"; };
		9601626C1C99C39C00A57327 /* Base */ = {isa = PBXFileReference; lastKnownFileType = file.storyboard; name = Base; path = Base.lproj/Main.storyboard; sourceTree = "<group>"; };
		9601626E1C99C39C00A57327 /* Assets.xcassets */ = {isa = PBXFileReference; lastKnownFileType = folder.assetcatalog; path = Assets.xcassets; sourceTree = "<group>"; };
		960162711C99C39C00A57327 /* Base */ = {isa = PBXFileReference; lastKnownFileType = file.storyboard; name = Base; path = Base.lproj/LaunchScreen.storyboard; sourceTree = "<group>"; };
		960162731C99C39C00A57327 /* Info.plist */ = {isa = PBXFileReference; lastKnownFileType = text.plist.xml; path = Info.plist; sourceTree = "<group>"; };
		960162791C99C6B400A57327 /* bg.png */ = {isa = PBXFileReference; lastKnownFileType = image.png; path = bg.png; sourceTree = "<group>"; };
		9601627A1C99C6B400A57327 /* flappy1.png */ = {isa = PBXFileReference; lastKnownFileType = image.png; path = flappy1.png; sourceTree = "<group>"; };
		9601627B1C99C6B400A57327 /* flappy2.png */ = {isa = PBXFileReference; lastKnownFileType = image.png; path = flappy2.png; sourceTree = "<group>"; };
		9601627C1C99C6B400A57327 /* pipe1.png */ = {isa = PBXFileReference; lastKnownFileType = image.png; path = pipe1.png; sourceTree = "<group>"; };
		9601627D1C99C6B400A57327 /* pipe2.png */ = {isa = PBXFileReference; lastKnownFileType = image.png; path = pipe2.png; sourceTree = "<group>"; };
/* End PBXFileReference section */

/* Begin PBXFrameworksBuildPhase section */
		9601625D1C99C39C00A57327 /* Frameworks */ = {
			isa = PBXFrameworksBuildPhase;
			buildActionMask = 2147483647;
			files = (
			);
			runOnlyForDeploymentPostprocessing = 0;
		};
/* End PBXFrameworksBuildPhase section */

/* Begin PBXGroup section */
		960162571C99C39C00A57327 = {
			isa = PBXGroup;
			children = (
				960162621C99C39C00A57327 /* Flappy Bird */,
				960162611C99C39C00A57327 /* Products */,
			);
			sourceTree = "<group>";
		};
		960162611C99C39C00A57327 /* Products */ = {
			isa = PBXGroup;
			children = (
				960162601C99C39C00A57327 /* Flappy Bird.app */,
			);
			name = Products;
			sourceTree = "<group>";
		};
		960162621C99C39C00A57327 /* Flappy Bird */ = {
			isa = PBXGroup;
			children = (
				960162631C99C39C00A57327 /* AppDelegate.swift */,
				960162651C99C39C00A57327 /* GameScene.sks */,
				960162671C99C39C00A57327 /* GameScene.swift */,
				960162691C99C39C00A57327 /* GameViewController.swift */,
				9601626B1C99C39C00A57327 /* Main.storyboard */,
				960162791C99C6B400A57327 /* bg.png */,
				9601627A1C99C6B400A57327 /* flappy1.png */,
				9601627B1C99C6B400A57327 /* flappy2.png */,
				9601627C1C99C6B400A57327 /* pipe1.png */,
				9601627D1C99C6B400A57327 /* pipe2.png */,
				9601626E1C99C39C00A57327 /* Assets.xcassets */,
				960162701C99C39C00A57327 /* LaunchScreen.storyboard */,
				960162731C99C39C00A57327 /* Info.plist */,
			);
			path = "Flappy Bird";
			sourceTree = "<group>";
		};
/* End PBXGroup section */

/* Begin PBXNativeTarget section */
		9601625F1C99C39C00A57327 /* Flappy Bird */ = {
			isa = PBXNativeTarget;
			buildConfigurationList = 960162761C99C39C00A57327 /* Build configuration list for PBXNativeTarget "Flappy Bird" */;
			buildPhases = (
				9601625C1C99C39C00A57327 /* Sources */,
				9601625D1C99C39C00A57327 /* Frameworks */,
				9601625E1C99C39C00A57327 /* Resources */,
			);
			buildRules = (
			);
			dependencies = (
			);
			name = "Flappy Bird";
			productName = "Flappy Bird";
			productReference = 960162601C99C39C00A57327 /* Flappy Bird.app */;
			productType = "com.apple.product-type.application";
		};
/* End PBXNativeTarget section */

/* Begin PBXProject section */
		960162581C99C39C00A57327 /* Project object */ = {
			isa = PBXProject;
			attributes = {
				LastSwiftUpdateCheck = 0720;
				LastUpgradeCheck = 0720;
				ORGANIZATIONNAME = "Jim Veneskey";
				TargetAttributes = {
					9601625F1C99C39C00A57327 = {
						CreatedOnToolsVersion = 7.2.1;
					};
				};
			};
			buildConfigurationList = 9601625B1C99C39C00A57327 /* Build configuration list for PBXProject "Flappy Bird" */;
			compatibilityVersion = "Xcode 3.2";
			developmentRegion = English;
			hasScannedForEncodings = 0;
			knownRegions = (
				en,
				Base,
			);
			mainGroup = 960162571C99C39C00A57327;
			productRefGroup = 960162611C99C39C00A57327 /* Products */;
			projectDirPath = "";
			projectRoot = "";
			targets = (
				9601625F1C99C39C00A57327 /* Flappy Bird */,
			);
		};
/* End PBXProject section */

/* Begin PBXResourcesBuildPhase section */
		9601625E1C99C39C00A57327 /* Resources */ = {
			isa = PBXResourcesBuildPhase;
			buildActionMask = 2147483647;
			files = (
				960162801C99C6B400A57327 /* flappy2.png in Resources */,
				9601627E1C99C6B400A57327 /* bg.png in Resources */,
				960162661C99C39C00A57327 /* GameScene.sks in Resources */,
				960162811C99C6B400A57327 /* pipe1.png in Resources */,
				960162721C99C39C00A57327 /* LaunchScreen.storyboard in Resources */,
				960162821C99C6B400A57327 /* pipe2.png in Resources */,
				9601626F1C99C39C00A57327 /* Assets.xcassets in Resources */,
				9601626D1C99C39C00A57327 /* Main.storyboard in Resources */,
				9601627F1C99C6B400A57327 /* flappy1.png in Resources */,
			);
			runOnlyForDeploymentPostprocessing = 0;
		};
/* End PBXResourcesBuildPhase section */

/* Begin PBXSourcesBuildPhase section */
		9601625C1C99C39C00A57327 /* Sources */ = {
			isa = PBXSourcesBuildPhase;
			buildActionMask = 2147483647;
			files = (
				960162681C99C39C00A57327 /* GameScene.swift in Sources */,
				9601626A1C99C39C00A57327 /* GameViewController.swift in Sources */,
				960162641C99C39C00A57327 /* AppDelegate.swift in Sources */,
			);
			runOnlyForDeploymentPostprocessing = 0;
		};
/* End PBXSourcesBuildPhase section */

/* Begin PBXVariantGroup section */
		9601626B1C99C39C00A57327 /* Main.storyboard */ = {
			isa = PBXVariantGroup;
			children = (
				9601626C1C99C39C00A57327 /* Base */,
			);
			name = Main.storyboard;
			sourceTree = "<group>";
		};
		960162701C99C39C00A57327 /* LaunchScreen.storyboard */ = {
			isa = PBXVariantGroup;
			children = (
				960162711C99C39C00A57327 /* Base */,
			);
			name = LaunchScreen.storyboard;
			sourceTree = "<group>";
		};
/* End PBXVariantGroup section */

/* Begin XCBuildConfiguration section */
		960162741C99C39C00A57327 /* Debug */ = {
			isa = XCBuildConfiguration;
			buildSettings = {
				ALWAYS_SEARCH_USER_PATHS = NO;
				CLANG_CXX_LANGUAGE_STANDARD = "gnu++0x";
				CLANG_CXX_LIBRARY = "libc++";
				CLANG_ENABLE_MODULES = YES;
				CLANG_ENABLE_OBJC_ARC = YES;
				CLANG_WARN_BOOL_CONVERSION = YES;
				CLANG_WARN_CONSTANT_CONVERSION = YES;
				CLANG_WARN_DIRECT_OBJC_ISA_USAGE = YES_ERROR;
				CLANG_WARN_EMPTY_BODY = YES;
				CLANG_WARN_ENUM_CONVERSION = YES;
				CLANG_WARN_INT_CONVERSION = YES;
				CLANG_WARN_OBJC_ROOT_CLASS = YES_ERROR;
				CLANG_WARN_UNREACHABLE_CODE = YES;
				CLANG_WARN__DUPLICATE_METHOD_MATCH = YES;
				"CODE_SIGN_IDENTITY[sdk=iphoneos*]" = "iPhone Developer";
				COPY_PHASE_STRIP = NO;
				DEBUG_INFORMATION_FORMAT = "dwarf-with-dsym";
				ENABLE_STRICT_OBJC_MSGSEND = YES;
				ENABLE_TESTABILITY = YES;
				GCC_C_LANGUAGE_STANDARD = gnu99;
				GCC_DYNAMIC_NO_PIC = NO;
				GCC_NO_COMMON_BLOCKS = YES;
				GCC_OPTIMIZATION_LEVEL = 0;
				GCC_PREPROCESSOR_DEFINITIONS = (
					"DEBUG=1",
					"$(inherited)",
				);
				GCC_WARN_64_TO_32_BIT_CONVERSION = YES;
				GCC_WARN_ABOUT_RETURN_TYPE = YES_ERROR;
				GCC_WARN_UNDECLARED_SELECTOR = YES;
				GCC_WARN_UNINITIALIZED_AUTOS = YES_AGGRESSIVE;
				GCC_WARN_UNUSED_FUNCTION = YES;
				GCC_WARN_UNUSED_VARIABLE = YES;
				IPHONEOS_DEPLOYMENT_TARGET = 9.2;
				MTL_ENABLE_DEBUG_INFO = YES;
				ONLY_ACTIVE_ARCH = YES;
				SDKROOT = iphoneos;
				SWIFT_OPTIMIZATION_LEVEL = "-Onone";
			};
			name = Debug;
		};
		960162751C99C39C00A57327 /* Release */ = {
			isa = XCBuildConfiguration;
			buildSettings = {
				ALWAYS_SEARCH_USER_PATHS = NO;
				CLANG_CXX_LANGUAGE_STANDARD = "gnu++0x";
				CLANG_CXX_LIBRARY = "libc++";
				CLANG_ENABLE_MODULES = YES;
				CLANG_ENABLE_OBJC_ARC = YES;
				CLANG_WARN_BOOL_CONVERSION = YES;
				CLANG_WARN_CONSTANT_CONVERSION = YES;
				CLANG_WARN_DIRECT_OBJC_ISA_USAGE = YES_ERROR;
				CLANG_WARN_EMPTY_BODY = YES;
				CLANG_WARN_ENUM_CONVERSION = YES;
				CLANG_WARN_INT_CONVERSION = YES;
				CLANG_WARN_OBJC_ROOT_CLASS = YES_ERROR;
				CLANG_WARN_UNREACHABLE_CODE = YES;
				CLANG_WARN__DUPLICATE_METHOD_MATCH = YES;
				"CODE_SIGN_IDENTITY[sdk=iphoneos*]" = "iPhone Developer";
				COPY_PHASE_STRIP = NO;
				DEBUG_INFORMATION_FORMAT = "dwarf-with-dsym";
				ENABLE_NS_ASSERTIONS = NO;
				ENABLE_STRICT_OBJC_MSGSEND = YES;
				GCC_C_LANGUAGE_STANDARD = gnu99;
				GCC_NO_COMMON_BLOCKS = YES;
				GCC_WARN_64_TO_32_BIT_CONVERSION = YES;
				GCC_WARN_ABOUT_RETURN_TYPE = YES_ERROR;
				GCC_WARN_UNDECLARED_SELECTOR = YES;
				GCC_WARN_UNINITIALIZED_AUTOS = YES_AGGRESSIVE;
				GCC_WARN_UNUSED_FUNCTION = YES;
				GCC_WARN_UNUSED_VARIABLE = YES;
				IPHONEOS_DEPLOYMENT_TARGET = 9.2;
				MTL_ENABLE_DEBUG_INFO = NO;
				SDKROOT = iphoneos;
				VALIDATE_PRODUCT = YES;
			};
			name = Release;
		};
		960162771C99C39C00A57327 /* Debug */ = {
			isa = XCBuildConfiguration;
			buildSettings = {
				ASSETCATALOG_COMPILER_APPICON_NAME = AppIcon;
				INFOPLIST_FILE = "Flappy Bird/Info.plist";
				LD_RUNPATH_SEARCH_PATHS = "$(inherited) @executable_path/Frameworks";
				PRODUCT_BUNDLE_IDENTIFIER = "com.strifecrafter.Flappy-Bird";
				PRODUCT_NAME = "$(TARGET_NAME)";
			};
			name = Debug;
		};
		960162781C99C39C00A57327 /* Release */ = {
			isa = XCBuildConfiguration;
			buildSettings = {
				ASSETCATALOG_COMPILER_APPICON_NAME = AppIcon;
				INFOPLIST_FILE = "Flappy Bird/Info.plist";
				LD_RUNPATH_SEARCH_PATHS = "$(inherited) @executable_path/Frameworks";
				PRODUCT_BUNDLE_IDENTIFIER = "com.strifecrafter.Flappy-Bird";
				PRODUCT_NAME = "$(TARGET_NAME)";
			};
			name = Release;
		};
/* End XCBuildConfiguration section */

/* Begin XCConfigurationList section */
		9601625B1C99C39C00A57327 /* Build configuration list for PBXProject "Flappy Bird" */ = {
			isa = XCConfigurationList;
			buildConfigurations = (
				960162741C99C39C00A57327 /* Debug */,
				960162751C99C39C00A57327 /* Release */,
			);
			defaultConfigurationIsVisible = 0;
			defaultConfigurationName = Release;
		};
		960162761C99C39C00A57327 /* Build configuration list for PBXNativeTarget "Flappy Bird" */ = {
			isa = XCConfigurationList;
			buildConfigurations = (
				960162771C99C39C00A57327 /* Debug */,
				960162781C99C39C00A57327 /* Release */,
			);
			defaultConfigurationIsVisible = 0;
		};
/* End XCConfigurationList section */
	};
	rootObject = 960162581C99C39C00A57327 /* Project object */;
}
