// !$*UTF8*$!
{
	archiveVersion = 1;
	classes = {
	};
	objectVersion = 46;
	objects = {

/* Begin PBXBuildFile section */
		9620B1F91CB81212008757D3 /* CustomTextField.swift in Sources */ = {isa = PBXBuildFile; fileRef = 9620B1F81CB81212008757D3 /* CustomTextField.swift */; };
		9620B1FB1CB81699008757D3 /* CustomButton.swift in Sources */ = {isa = PBXBuildFile; fileRef = 9620B1FA1CB81699008757D3 /* CustomButton.swift */; };
		969D92741CB7BE5400CD0BA9 /* AppDelegate.swift in Sources */ = {isa = PBXBuildFile; fileRef = 969D92731CB7BE5400CD0BA9 /* AppDelegate.swift */; };
		969D92761CB7BE5400CD0BA9 /* LoginVC.swift in Sources */ = {isa = PBXBuildFile; fileRef = 969D92751CB7BE5400CD0BA9 /* LoginVC.swift */; };
		969D92791CB7BE5400CD0BA9 /* Main.storyboard in Resources */ = {isa = PBXBuildFile; fileRef = 969D92771CB7BE5400CD0BA9 /* Main.storyboard */; };
		969D927B1CB7BE5400CD0BA9 /* Assets.xcassets in Resources */ = {isa = PBXBuildFile; fileRef = 969D927A1CB7BE5400CD0BA9 /* Assets.xcassets */; };
		969D927E1CB7BE5400CD0BA9 /* LaunchScreen.storyboard in Resources */ = {isa = PBXBuildFile; fileRef = 969D927C1CB7BE5400CD0BA9 /* LaunchScreen.storyboard */; };
		96F92AA41CB7C08100AE4527 /* Test.m in Sources */ = {isa = PBXBuildFile; fileRef = 96F92AA31CB7C08100AE4527 /* Test.m */; };
		96F92AA61CB7C3A000AE4527 /* 15966-NQV4BG.jpg in Resources */ = {isa = PBXBuildFile; fileRef = 96F92AA51CB7C3A000AE4527 /* 15966-NQV4BG.jpg */; };
		F74AF6EC4092D5AA8065DFA9 /* Pods_BrainTeaser.framework in Frameworks */ = {isa = PBXBuildFile; fileRef = FAB8BD4352D8DF9C44ED1A49 /* Pods_BrainTeaser.framework */; };
/* End PBXBuildFile section */

/* Begin PBXFileReference section */
		2DD1C09338ABA995D3E1E9AE /* Pods-BrainTeaser.release.xcconfig */ = {isa = PBXFileReference; includeInIndex = 1; lastKnownFileType = text.xcconfig; name = "Pods-BrainTeaser.release.xcconfig"; path = "Pods/Target Support Files/Pods-BrainTeaser/Pods-BrainTeaser.release.xcconfig"; sourceTree = "<group>"; };
		9620B1F81CB81212008757D3 /* CustomTextField.swift */ = {isa = PBXFileReference; fileEncoding = 4; lastKnownFileType = sourcecode.swift; path = CustomTextField.swift; sourceTree = "<group>"; };
		9620B1FA1CB81699008757D3 /* CustomButton.swift */ = {isa = PBXFileReference; fileEncoding = 4; lastKnownFileType = sourcecode.swift; path = CustomButton.swift; sourceTree = "<group>"; };
		969D92701CB7BE5400CD0BA9 /* BrainTeaser.app */ = {isa = PBXFileReference; explicitFileType = wrapper.application; includeInIndex = 0; path = BrainTeaser.app; sourceTree = BUILT_PRODUCTS_DIR; };
		969D92731CB7BE5400CD0BA9 /* AppDelegate.swift */ = {isa = PBXFileReference; lastKnownFileType = sourcecode.swift; path = AppDelegate.swift; sourceTree = "<group>"; };
		969D92751CB7BE5400CD0BA9 /* LoginVC.swift */ = {isa = PBXFileReference; lastKnownFileType = sourcecode.swift; path = LoginVC.swift; sourceTree = "<group>"; };
		969D92781CB7BE5400CD0BA9 /* Base */ = {isa = PBXFileReference; lastKnownFileType = file.storyboard; name = Base; path = Base.lproj/Main.storyboard; sourceTree = "<group>"; };
		969D927A1CB7BE5400CD0BA9 /* Assets.xcassets */ = {isa = PBXFileReference; lastKnownFileType = folder.assetcatalog; path = Assets.xcassets; sourceTree = "<group>"; };
		969D927D1CB7BE5400CD0BA9 /* Base */ = {isa = PBXFileReference; lastKnownFileType = file.storyboard; name = Base; path = Base.lproj/LaunchScreen.storyboard; sourceTree = "<group>"; };
		969D927F1CB7BE5400CD0BA9 /* Info.plist */ = {isa = PBXFileReference; lastKnownFileType = text.plist.xml; path = Info.plist; sourceTree = "<group>"; };
		96F92AA21CB7C08100AE4527 /* BrainTeaser-Bridging-Header.h */ = {isa = PBXFileReference; lastKnownFileType = sourcecode.c.h; path = "BrainTeaser-Bridging-Header.h"; sourceTree = "<group>"; };
		96F92AA31CB7C08100AE4527 /* Test.m */ = {isa = PBXFileReference; fileEncoding = 4; lastKnownFileType = sourcecode.c.objc; path = Test.m; sourceTree = "<group>"; };
		96F92AA51CB7C3A000AE4527 /* 15966-NQV4BG.jpg */ = {isa = PBXFileReference; lastKnownFileType = image.jpeg; path = "15966-NQV4BG.jpg"; sourceTree = "<group>"; };
		F5BB0546FBCACEE44ABDE5B6 /* Pods-BrainTeaser.debug.xcconfig */ = {isa = PBXFileReference; includeInIndex = 1; lastKnownFileType = text.xcconfig; name = "Pods-BrainTeaser.debug.xcconfig"; path = "Pods/Target Support Files/Pods-BrainTeaser/Pods-BrainTeaser.debug.xcconfig"; sourceTree = "<group>"; };
		FAB8BD4352D8DF9C44ED1A49 /* Pods_BrainTeaser.framework */ = {isa = PBXFileReference; explicitFileType = wrapper.framework; includeInIndex = 0; path = Pods_BrainTeaser.framework; sourceTree = BUILT_PRODUCTS_DIR; };
/* End PBXFileReference section */

/* Begin PBXFrameworksBuildPhase section */
		969D926D1CB7BE5400CD0BA9 /* Frameworks */ = {
			isa = PBXFrameworksBuildPhase;
			buildActionMask = 2147483647;
			files = (
				F74AF6EC4092D5AA8065DFA9 /* Pods_BrainTeaser.framework in Frameworks */,
			);
			runOnlyForDeploymentPostprocessing = 0;
		};
/* End PBXFrameworksBuildPhase section */

/* Begin PBXGroup section */
		85F2077B2CA36BF57D2C50B5 /* Frameworks */ = {
			isa = PBXGroup;
			children = (
				FAB8BD4352D8DF9C44ED1A49 /* Pods_BrainTeaser.framework */,
			);
			name = Frameworks;
			sourceTree = "<group>";
		};
		9620B1F41CB8119B008757D3 /* Controller */ = {
			isa = PBXGroup;
			children = (
				969D92751CB7BE5400CD0BA9 /* LoginVC.swift */,
			);
			name = Controller;
			sourceTree = "<group>";
		};
		9620B1F51CB811A5008757D3 /* View */ = {
			isa = PBXGroup;
			children = (
				9620B1F81CB81212008757D3 /* CustomTextField.swift */,
				9620B1FA1CB81699008757D3 /* CustomButton.swift */,
			);
			name = View;
			sourceTree = "<group>";
		};
		969D92671CB7BE5400CD0BA9 = {
			isa = PBXGroup;
			children = (
				969D92721CB7BE5400CD0BA9 /* BrainTeaser */,
				969D92711CB7BE5400CD0BA9 /* Products */,
				9F746A918A9B6063ED8A7A65 /* Pods */,
				85F2077B2CA36BF57D2C50B5 /* Frameworks */,
			);
			sourceTree = "<group>";
		};
		969D92711CB7BE5400CD0BA9 /* Products */ = {
			isa = PBXGroup;
			children = (
				969D92701CB7BE5400CD0BA9 /* BrainTeaser.app */,
			);
			name = Products;
			sourceTree = "<group>";
		};
		969D92721CB7BE5400CD0BA9 /* BrainTeaser */ = {
			isa = PBXGroup;
			children = (
				9620B1F41CB8119B008757D3 /* Controller */,
				9620B1F51CB811A5008757D3 /* View */,
				969D92731CB7BE5400CD0BA9 /* AppDelegate.swift */,
				969D92771CB7BE5400CD0BA9 /* Main.storyboard */,
				969D927A1CB7BE5400CD0BA9 /* Assets.xcassets */,
				96F92AA51CB7C3A000AE4527 /* 15966-NQV4BG.jpg */,
				969D927C1CB7BE5400CD0BA9 /* LaunchScreen.storyboard */,
				969D927F1CB7BE5400CD0BA9 /* Info.plist */,
				96F92AA31CB7C08100AE4527 /* Test.m */,
				96F92AA21CB7C08100AE4527 /* BrainTeaser-Bridging-Header.h */,
			);
			path = BrainTeaser;
			sourceTree = "<group>";
		};
		9F746A918A9B6063ED8A7A65 /* Pods */ = {
			isa = PBXGroup;
			children = (
				F5BB0546FBCACEE44ABDE5B6 /* Pods-BrainTeaser.debug.xcconfig */,
				2DD1C09338ABA995D3E1E9AE /* Pods-BrainTeaser.release.xcconfig */,
			);
			name = Pods;
			sourceTree = "<group>";
		};
/* End PBXGroup section */

/* Begin PBXNativeTarget section */
		969D926F1CB7BE5400CD0BA9 /* BrainTeaser */ = {
			isa = PBXNativeTarget;
			buildConfigurationList = 969D92821CB7BE5400CD0BA9 /* Build configuration list for PBXNativeTarget "BrainTeaser" */;
			buildPhases = (
				7AD0F479BD040E36CDE342D8 /* Check Pods Manifest.lock */,
				969D926C1CB7BE5400CD0BA9 /* Sources */,
				969D926D1CB7BE5400CD0BA9 /* Frameworks */,
				969D926E1CB7BE5400CD0BA9 /* Resources */,
				C739A9DD27D7469E9114B652 /* Embed Pods Frameworks */,
				B29FBC54C3584FB585B9E604 /* Copy Pods Resources */,
			);
			buildRules = (
			);
			dependencies = (
			);
			name = BrainTeaser;
			productName = BrainTeaser;
			productReference = 969D92701CB7BE5400CD0BA9 /* BrainTeaser.app */;
			productType = "com.apple.product-type.application";
		};
/* End PBXNativeTarget section */

/* Begin PBXProject section */
		969D92681CB7BE5400CD0BA9 /* Project object */ = {
			isa = PBXProject;
			attributes = {
				LastSwiftUpdateCheck = 0730;
				LastUpgradeCheck = 0730;
				ORGANIZATIONNAME = "Jim Veneskey";
				TargetAttributes = {
					969D926F1CB7BE5400CD0BA9 = {
						CreatedOnToolsVersion = 7.3;
					};
				};
			};
			buildConfigurationList = 969D926B1CB7BE5400CD0BA9 /* Build configuration list for PBXProject "BrainTeaser" */;
			compatibilityVersion = "Xcode 3.2";
			developmentRegion = English;
			hasScannedForEncodings = 0;
			knownRegions = (
				en,
				Base,
			);
			mainGroup = 969D92671CB7BE5400CD0BA9;
			productRefGroup = 969D92711CB7BE5400CD0BA9 /* Products */;
			projectDirPath = "";
			projectRoot = "";
			targets = (
				969D926F1CB7BE5400CD0BA9 /* BrainTeaser */,
			);
		};
/* End PBXProject section */

/* Begin PBXResourcesBuildPhase section */
		969D926E1CB7BE5400CD0BA9 /* Resources */ = {
			isa = PBXResourcesBuildPhase;
			buildActionMask = 2147483647;
			files = (
				969D927E1CB7BE5400CD0BA9 /* LaunchScreen.storyboard in Resources */,
				96F92AA61CB7C3A000AE4527 /* 15966-NQV4BG.jpg in Resources */,
				969D927B1CB7BE5400CD0BA9 /* Assets.xcassets in Resources */,
				969D92791CB7BE5400CD0BA9 /* Main.storyboard in Resources */,
			);
			runOnlyForDeploymentPostprocessing = 0;
		};
/* End PBXResourcesBuildPhase section */

/* Begin PBXShellScriptBuildPhase section */
		7AD0F479BD040E36CDE342D8 /* Check Pods Manifest.lock */ = {
			isa = PBXShellScriptBuildPhase;
			buildActionMask = 2147483647;
			files = (
			);
			inputPaths = (
			);
			name = "Check Pods Manifest.lock";
			outputPaths = (
			);
			runOnlyForDeploymentPostprocessing = 0;
			shellPath = /bin/sh;
			shellScript = "diff \"${PODS_ROOT}/../Podfile.lock\" \"${PODS_ROOT}/Manifest.lock\" > /dev/null\nif [[ $? != 0 ]] ; then\n    cat << EOM\nerror: The sandbox is not in sync with the Podfile.lock. Run 'pod install' or update your CocoaPods installation.\nEOM\n    exit 1\nfi\n";
			showEnvVarsInLog = 0;
		};
		B29FBC54C3584FB585B9E604 /* Copy Pods Resources */ = {
			isa = PBXShellScriptBuildPhase;
			buildActionMask = 2147483647;
			files = (
			);
			inputPaths = (
			);
			name = "Copy Pods Resources";
			outputPaths = (
			);
			runOnlyForDeploymentPostprocessing = 0;
			shellPath = /bin/sh;
			shellScript = "\"${SRCROOT}/Pods/Target Support Files/Pods-BrainTeaser/Pods-BrainTeaser-resources.sh\"\n";
			showEnvVarsInLog = 0;
		};
		C739A9DD27D7469E9114B652 /* Embed Pods Frameworks */ = {
			isa = PBXShellScriptBuildPhase;
			buildActionMask = 2147483647;
			files = (
			);
			inputPaths = (
			);
			name = "Embed Pods Frameworks";
			outputPaths = (
			);
			runOnlyForDeploymentPostprocessing = 0;
			shellPath = /bin/sh;
			shellScript = "\"${SRCROOT}/Pods/Target Support Files/Pods-BrainTeaser/Pods-BrainTeaser-frameworks.sh\"\n";
			showEnvVarsInLog = 0;
		};
/* End PBXShellScriptBuildPhase section */

/* Begin PBXSourcesBuildPhase section */
		969D926C1CB7BE5400CD0BA9 /* Sources */ = {
			isa = PBXSourcesBuildPhase;
			buildActionMask = 2147483647;
			files = (
				9620B1F91CB81212008757D3 /* CustomTextField.swift in Sources */,
				96F92AA41CB7C08100AE4527 /* Test.m in Sources */,
				969D92761CB7BE5400CD0BA9 /* LoginVC.swift in Sources */,
				969D92741CB7BE5400CD0BA9 /* AppDelegate.swift in Sources */,
				9620B1FB1CB81699008757D3 /* CustomButton.swift in Sources */,
			);
			runOnlyForDeploymentPostprocessing = 0;
		};
/* End PBXSourcesBuildPhase section */

/* Begin PBXVariantGroup section */
		969D92771CB7BE5400CD0BA9 /* Main.storyboard */ = {
			isa = PBXVariantGroup;
			children = (
				969D92781CB7BE5400CD0BA9 /* Base */,
			);
			name = Main.storyboard;
			sourceTree = "<group>";
		};
		969D927C1CB7BE5400CD0BA9 /* LaunchScreen.storyboard */ = {
			isa = PBXVariantGroup;
			children = (
				969D927D1CB7BE5400CD0BA9 /* Base */,
			);
			name = LaunchScreen.storyboard;
			sourceTree = "<group>";
		};
/* End PBXVariantGroup section */

/* Begin XCBuildConfiguration section */
		969D92801CB7BE5400CD0BA9 /* Debug */ = {
			isa = XCBuildConfiguration;
			buildSettings = {
				ALWAYS_SEARCH_USER_PATHS = NO;
				CLANG_ANALYZER_NONNULL = YES;
				CLANG_CXX_LANGUAGE_STANDARD = "gnu++0x";
				CLANG_CXX_LIBRARY = "libc++";
				CLANG_ENABLE_MODULES = YES;
				CLANG_ENABLE_OBJC_ARC = YES;
				CLANG_WARN_BOOL_CONVERSION = YES;
				CLANG_WARN_CONSTANT_CONVERSION = YES;
				CLANG_WARN_DIRECT_OBJC_ISA_USAGE = YES_ERROR;
				CLANG_WARN_EMPTY_BODY = YES;
				CLANG_WARN_ENUM_CONVERSION = YES;
				CLANG_WARN_INT_CONVERSION = YES;
				CLANG_WARN_OBJC_ROOT_CLASS = YES_ERROR;
				CLANG_WARN_UNREACHABLE_CODE = YES;
				CLANG_WARN__DUPLICATE_METHOD_MATCH = YES;
				"CODE_SIGN_IDENTITY[sdk=iphoneos*]" = "iPhone Developer";
				COPY_PHASE_STRIP = NO;
				DEBUG_INFORMATION_FORMAT = dwarf;
				ENABLE_STRICT_OBJC_MSGSEND = YES;
				ENABLE_TESTABILITY = YES;
				GCC_C_LANGUAGE_STANDARD = gnu99;
				GCC_DYNAMIC_NO_PIC = NO;
				GCC_NO_COMMON_BLOCKS = YES;
				GCC_OPTIMIZATION_LEVEL = 0;
				GCC_PREPROCESSOR_DEFINITIONS = (
					"DEBUG=1",
					"$(inherited)",
				);
				GCC_WARN_64_TO_32_BIT_CONVERSION = YES;
				GCC_WARN_ABOUT_RETURN_TYPE = YES_ERROR;
				GCC_WARN_UNDECLARED_SELECTOR = YES;
				GCC_WARN_UNINITIALIZED_AUTOS = YES_AGGRESSIVE;
				GCC_WARN_UNUSED_FUNCTION = YES;
				GCC_WARN_UNUSED_VARIABLE = YES;
				IPHONEOS_DEPLOYMENT_TARGET = 9.3;
				MTL_ENABLE_DEBUG_INFO = YES;
				ONLY_ACTIVE_ARCH = YES;
				SDKROOT = iphoneos;
				SWIFT_OPTIMIZATION_LEVEL = "-Onone";
				TARGETED_DEVICE_FAMILY = "1,2";
			};
			name = Debug;
		};
		969D92811CB7BE5400CD0BA9 /* Release */ = {
			isa = XCBuildConfiguration;
			buildSettings = {
				ALWAYS_SEARCH_USER_PATHS = NO;
				CLANG_ANALYZER_NONNULL = YES;
				CLANG_CXX_LANGUAGE_STANDARD = "gnu++0x";
				CLANG_CXX_LIBRARY = "libc++";
				CLANG_ENABLE_MODULES = YES;
				CLANG_ENABLE_OBJC_ARC = YES;
				CLANG_WARN_BOOL_CONVERSION = YES;
				CLANG_WARN_CONSTANT_CONVERSION = YES;
				CLANG_WARN_DIRECT_OBJC_ISA_USAGE = YES_ERROR;
				CLANG_WARN_EMPTY_BODY = YES;
				CLANG_WARN_ENUM_CONVERSION = YES;
				CLANG_WARN_INT_CONVERSION = YES;
				CLANG_WARN_OBJC_ROOT_CLASS = YES_ERROR;
				CLANG_WARN_UNREACHABLE_CODE = YES;
				CLANG_WARN__DUPLICATE_METHOD_MATCH = YES;
				"CODE_SIGN_IDENTITY[sdk=iphoneos*]" = "iPhone Developer";
				COPY_PHASE_STRIP = NO;
				DEBUG_INFORMATION_FORMAT = "dwarf-with-dsym";
				ENABLE_NS_ASSERTIONS = NO;
				ENABLE_STRICT_OBJC_MSGSEND = YES;
				GCC_C_LANGUAGE_STANDARD = gnu99;
				GCC_NO_COMMON_BLOCKS = YES;
				GCC_WARN_64_TO_32_BIT_CONVERSION = YES;
				GCC_WARN_ABOUT_RETURN_TYPE = YES_ERROR;
				GCC_WARN_UNDECLARED_SELECTOR = YES;
				GCC_WARN_UNINITIALIZED_AUTOS = YES_AGGRESSIVE;
				GCC_WARN_UNUSED_FUNCTION = YES;
				GCC_WARN_UNUSED_VARIABLE = YES;
				IPHONEOS_DEPLOYMENT_TARGET = 9.3;
				MTL_ENABLE_DEBUG_INFO = NO;
				SDKROOT = iphoneos;
				TARGETED_DEVICE_FAMILY = "1,2";
				VALIDATE_PRODUCT = YES;
			};
			name = Release;
		};
		969D92831CB7BE5400CD0BA9 /* Debug */ = {
			isa = XCBuildConfiguration;
			baseConfigurationReference = F5BB0546FBCACEE44ABDE5B6 /* Pods-BrainTeaser.debug.xcconfig */;
			buildSettings = {
				ASSETCATALOG_COMPILER_APPICON_NAME = AppIcon;
				CLANG_ENABLE_MODULES = YES;
				INFOPLIST_FILE = BrainTeaser/Info.plist;
				LD_RUNPATH_SEARCH_PATHS = "$(inherited) @executable_path/Frameworks";
				PRODUCT_BUNDLE_IDENTIFIER = com.strifecrafter.BrainTeaser;
				PRODUCT_NAME = "$(TARGET_NAME)";
				SWIFT_OBJC_BRIDGING_HEADER = "BrainTeaser/BrainTeaser-Bridging-Header.h";
				SWIFT_OPTIMIZATION_LEVEL = "-Onone";
			};
			name = Debug;
		};
		969D92841CB7BE5400CD0BA9 /* Release */ = {
			isa = XCBuildConfiguration;
			baseConfigurationReference = 2DD1C09338ABA995D3E1E9AE /* Pods-BrainTeaser.release.xcconfig */;
			buildSettings = {
				ASSETCATALOG_COMPILER_APPICON_NAME = AppIcon;
				CLANG_ENABLE_MODULES = YES;
				INFOPLIST_FILE = BrainTeaser/Info.plist;
				LD_RUNPATH_SEARCH_PATHS = "$(inherited) @executable_path/Frameworks";
				PRODUCT_BUNDLE_IDENTIFIER = com.strifecrafter.BrainTeaser;
				PRODUCT_NAME = "$(TARGET_NAME)";
				SWIFT_OBJC_BRIDGING_HEADER = "BrainTeaser/BrainTeaser-Bridging-Header.h";
			};
			name = Release;
		};
/* End XCBuildConfiguration section */

/* Begin XCConfigurationList section */
		969D926B1CB7BE5400CD0BA9 /* Build configuration list for PBXProject "BrainTeaser" */ = {
			isa = XCConfigurationList;
			buildConfigurations = (
				969D92801CB7BE5400CD0BA9 /* Debug */,
				969D92811CB7BE5400CD0BA9 /* Release */,
			);
			defaultConfigurationIsVisible = 0;
			defaultConfigurationName = Release;
		};
		969D92821CB7BE5400CD0BA9 /* Build configuration list for PBXNativeTarget "BrainTeaser" */ = {
			isa = XCConfigurationList;
			buildConfigurations = (
				969D92831CB7BE5400CD0BA9 /* Debug */,
				969D92841CB7BE5400CD0BA9 /* Release */,
			);
			defaultConfigurationIsVisible = 0;
			defaultConfigurationName = Release;
		};
/* End XCConfigurationList section */
	};
	rootObject = 969D92681CB7BE5400CD0BA9 /* Project object */;
}
