// !$*UTF8*$!
{
	archiveVersion = 1;
	classes = {
	};
	objectVersion = 46;
	objects = {

/* Begin PBXBuildFile section */
		96E28ACE1CBFFB8500D2266C /* AppDelegate.swift in Sources */ = {isa = PBXBuildFile; fileRef = 96E28ACD1CBFFB8500D2266C /* AppDelegate.swift */; };
		96E28AD01CBFFB8500D2266C /* ViewController.swift in Sources */ = {isa = PBXBuildFile; fileRef = 96E28ACF1CBFFB8500D2266C /* ViewController.swift */; };
		96E28AD31CBFFB8500D2266C /* Main.storyboard in Resources */ = {isa = PBXBuildFile; fileRef = 96E28AD11CBFFB8500D2266C /* Main.storyboard */; };
		96E28AD51CBFFB8500D2266C /* Assets.xcassets in Resources */ = {isa = PBXBuildFile; fileRef = 96E28AD41CBFFB8500D2266C /* Assets.xcassets */; };
		96E28AD81CBFFB8500D2266C /* LaunchScreen.storyboard in Resources */ = {isa = PBXBuildFile; fileRef = 96E28AD61CBFFB8500D2266C /* LaunchScreen.storyboard */; };
/* End PBXBuildFile section */

/* Begin PBXFileReference section */
		96E28ACA1CBFFB8500D2266C /* auto-layout-advanced.app */ = {isa = PBXFileReference; explicitFileType = wrapper.application; includeInIndex = 0; path = "auto-layout-advanced.app"; sourceTree = BUILT_PRODUCTS_DIR; };
		96E28ACD1CBFFB8500D2266C /* AppDelegate.swift */ = {isa = PBXFileReference; lastKnownFileType = sourcecode.swift; path = AppDelegate.swift; sourceTree = "<group>"; };
		96E28ACF1CBFFB8500D2266C /* ViewController.swift */ = {isa = PBXFileReference; lastKnownFileType = sourcecode.swift; path = ViewController.swift; sourceTree = "<group>"; };
		96E28AD21CBFFB8500D2266C /* Base */ = {isa = PBXFileReference; lastKnownFileType = file.storyboard; name = Base; path = Base.lproj/Main.storyboard; sourceTree = "<group>"; };
		96E28AD41CBFFB8500D2266C /* Assets.xcassets */ = {isa = PBXFileReference; lastKnownFileType = folder.assetcatalog; path = Assets.xcassets; sourceTree = "<group>"; };
		96E28AD71CBFFB8500D2266C /* Base */ = {isa = PBXFileReference; lastKnownFileType = file.storyboard; name = Base; path = Base.lproj/LaunchScreen.storyboard; sourceTree = "<group>"; };
		96E28AD91CBFFB8500D2266C /* Info.plist */ = {isa = PBXFileReference; lastKnownFileType = text.plist.xml; path = Info.plist; sourceTree = "<group>"; };
/* End PBXFileReference section */

/* Begin PBXFrameworksBuildPhase section */
		96E28AC71CBFFB8500D2266C /* Frameworks */ = {
			isa = PBXFrameworksBuildPhase;
			buildActionMask = 2147483647;
			files = (
			);
			runOnlyForDeploymentPostprocessing = 0;
		};
/* End PBXFrameworksBuildPhase section */

/* Begin PBXGroup section */
		96E28AC11CBFFB8500D2266C = {
			isa = PBXGroup;
			children = (
				96E28ACC1CBFFB8500D2266C /* auto-layout-advanced */,
				96E28ACB1CBFFB8500D2266C /* Products */,
			);
			sourceTree = "<group>";
		};
		96E28ACB1CBFFB8500D2266C /* Products */ = {
			isa = PBXGroup;
			children = (
				96E28ACA1CBFFB8500D2266C /* auto-layout-advanced.app */,
			);
			name = Products;
			sourceTree = "<group>";
		};
		96E28ACC1CBFFB8500D2266C /* auto-layout-advanced */ = {
			isa = PBXGroup;
			children = (
				96E28ACD1CBFFB8500D2266C /* AppDelegate.swift */,
				96E28ACF1CBFFB8500D2266C /* ViewController.swift */,
				96E28AD11CBFFB8500D2266C /* Main.storyboard */,
				96E28AD41CBFFB8500D2266C /* Assets.xcassets */,
				96E28AD61CBFFB8500D2266C /* LaunchScreen.storyboard */,
				96E28AD91CBFFB8500D2266C /* Info.plist */,
			);
			path = "auto-layout-advanced";
			sourceTree = "<group>";
		};
/* End PBXGroup section */

/* Begin PBXNativeTarget section */
		96E28AC91CBFFB8500D2266C /* auto-layout-advanced */ = {
			isa = PBXNativeTarget;
			buildConfigurationList = 96E28ADC1CBFFB8500D2266C /* Build configuration list for PBXNativeTarget "auto-layout-advanced" */;
			buildPhases = (
				96E28AC61CBFFB8500D2266C /* Sources */,
				96E28AC71CBFFB8500D2266C /* Frameworks */,
				96E28AC81CBFFB8500D2266C /* Resources */,
			);
			buildRules = (
			);
			dependencies = (
			);
			name = "auto-layout-advanced";
			productName = "auto-layout-advanced";
			productReference = 96E28ACA1CBFFB8500D2266C /* auto-layout-advanced.app */;
			productType = "com.apple.product-type.application";
		};
/* End PBXNativeTarget section */

/* Begin PBXProject section */
		96E28AC21CBFFB8500D2266C /* Project object */ = {
			isa = PBXProject;
			attributes = {
				LastSwiftUpdateCheck = 0730;
				LastUpgradeCheck = 0730;
				ORGANIZATIONNAME = "Jim Veneskey";
				TargetAttributes = {
					96E28AC91CBFFB8500D2266C = {
						CreatedOnToolsVersion = 7.3;
					};
				};
			};
			buildConfigurationList = 96E28AC51CBFFB8500D2266C /* Build configuration list for PBXProject "auto-layout-advanced" */;
			compatibilityVersion = "Xcode 3.2";
			developmentRegion = English;
			hasScannedForEncodings = 0;
			knownRegions = (
				en,
				Base,
			);
			mainGroup = 96E28AC11CBFFB8500D2266C;
			productRefGroup = 96E28ACB1CBFFB8500D2266C /* Products */;
			projectDirPath = "";
			projectRoot = "";
			targets = (
				96E28AC91CBFFB8500D2266C /* auto-layout-advanced */,
			);
		};
/* End PBXProject section */

/* Begin PBXResourcesBuildPhase section */
		96E28AC81CBFFB8500D2266C /* Resources */ = {
			isa = PBXResourcesBuildPhase;
			buildActionMask = 2147483647;
			files = (
				96E28AD81CBFFB8500D2266C /* LaunchScreen.storyboard in Resources */,
				96E28AD51CBFFB8500D2266C /* Assets.xcassets in Resources */,
				96E28AD31CBFFB8500D2266C /* Main.storyboard in Resources */,
			);
			runOnlyForDeploymentPostprocessing = 0;
		};
/* End PBXResourcesBuildPhase section */

/* Begin PBXSourcesBuildPhase section */
		96E28AC61CBFFB8500D2266C /* Sources */ = {
			isa = PBXSourcesBuildPhase;
			buildActionMask = 2147483647;
			files = (
				96E28AD01CBFFB8500D2266C /* ViewController.swift in Sources */,
				96E28ACE1CBFFB8500D2266C /* AppDelegate.swift in Sources */,
			);
			runOnlyForDeploymentPostprocessing = 0;
		};
/* End PBXSourcesBuildPhase section */

/* Begin PBXVariantGroup section */
		96E28AD11CBFFB8500D2266C /* Main.storyboard */ = {
			isa = PBXVariantGroup;
			children = (
				96E28AD21CBFFB8500D2266C /* Base */,
			);
			name = Main.storyboard;
			sourceTree = "<group>";
		};
		96E28AD61CBFFB8500D2266C /* LaunchScreen.storyboard */ = {
			isa = PBXVariantGroup;
			children = (
				96E28AD71CBFFB8500D2266C /* Base */,
			);
			name = LaunchScreen.storyboard;
			sourceTree = "<group>";
		};
/* End PBXVariantGroup section */

/* Begin XCBuildConfiguration section */
		96E28ADA1CBFFB8500D2266C /* Debug */ = {
			isa = XCBuildConfiguration;
			buildSettings = {
				ALWAYS_SEARCH_USER_PATHS = NO;
				CLANG_ANALYZER_NONNULL = YES;
				CLANG_CXX_LANGUAGE_STANDARD = "gnu++0x";
				CLANG_CXX_LIBRARY = "libc++";
				CLANG_ENABLE_MODULES = YES;
				CLANG_ENABLE_OBJC_ARC = YES;
				CLANG_WARN_BOOL_CONVERSION = YES;
				CLANG_WARN_CONSTANT_CONVERSION = YES;
				CLANG_WARN_DIRECT_OBJC_ISA_USAGE = YES_ERROR;
				CLANG_WARN_EMPTY_BODY = YES;
				CLANG_WARN_ENUM_CONVERSION = YES;
				CLANG_WARN_INT_CONVERSION = YES;
				CLANG_WARN_OBJC_ROOT_CLASS = YES_ERROR;
				CLANG_WARN_UNREACHABLE_CODE = YES;
				CLANG_WARN__DUPLICATE_METHOD_MATCH = YES;
				"CODE_SIGN_IDENTITY[sdk=iphoneos*]" = "iPhone Developer";
				COPY_PHASE_STRIP = NO;
				DEBUG_INFORMATION_FORMAT = dwarf;
				ENABLE_STRICT_OBJC_MSGSEND = YES;
				ENABLE_TESTABILITY = YES;
				GCC_C_LANGUAGE_STANDARD = gnu99;
				GCC_DYNAMIC_NO_PIC = NO;
				GCC_NO_COMMON_BLOCKS = YES;
				GCC_OPTIMIZATION_LEVEL = 0;
				GCC_PREPROCESSOR_DEFINITIONS = (
					"DEBUG=1",
					"$(inherited)",
				);
				GCC_WARN_64_TO_32_BIT_CONVERSION = YES;
				GCC_WARN_ABOUT_RETURN_TYPE = YES_ERROR;
				GCC_WARN_UNDECLARED_SELECTOR = YES;
				GCC_WARN_UNINITIALIZED_AUTOS = YES_AGGRESSIVE;
				GCC_WARN_UNUSED_FUNCTION = YES;
				GCC_WARN_UNUSED_VARIABLE = YES;
				IPHONEOS_DEPLOYMENT_TARGET = 9.3;
				MTL_ENABLE_DEBUG_INFO = YES;
				ONLY_ACTIVE_ARCH = YES;
				SDKROOT = iphoneos;
				SWIFT_OPTIMIZATION_LEVEL = "-Onone";
			};
			name = Debug;
		};
		96E28ADB1CBFFB8500D2266C /* Release */ = {
			isa = XCBuildConfiguration;
			buildSettings = {
				ALWAYS_SEARCH_USER_PATHS = NO;
				CLANG_ANALYZER_NONNULL = YES;
				CLANG_CXX_LANGUAGE_STANDARD = "gnu++0x";
				CLANG_CXX_LIBRARY = "libc++";
				CLANG_ENABLE_MODULES = YES;
				CLANG_ENABLE_OBJC_ARC = YES;
				CLANG_WARN_BOOL_CONVERSION = YES;
				CLANG_WARN_CONSTANT_CONVERSION = YES;
				CLANG_WARN_DIRECT_OBJC_ISA_USAGE = YES_ERROR;
				CLANG_WARN_EMPTY_BODY = YES;
				CLANG_WARN_ENUM_CONVERSION = YES;
				CLANG_WARN_INT_CONVERSION = YES;
				CLANG_WARN_OBJC_ROOT_CLASS = YES_ERROR;
				CLANG_WARN_UNREACHABLE_CODE = YES;
				CLANG_WARN__DUPLICATE_METHOD_MATCH = YES;
				"CODE_SIGN_IDENTITY[sdk=iphoneos*]" = "iPhone Developer";
				COPY_PHASE_STRIP = NO;
				DEBUG_INFORMATION_FORMAT = "dwarf-with-dsym";
				ENABLE_NS_ASSERTIONS = NO;
				ENABLE_STRICT_OBJC_MSGSEND = YES;
				GCC_C_LANGUAGE_STANDARD = gnu99;
				GCC_NO_COMMON_BLOCKS = YES;
				GCC_WARN_64_TO_32_BIT_CONVERSION = YES;
				GCC_WARN_ABOUT_RETURN_TYPE = YES_ERROR;
				GCC_WARN_UNDECLARED_SELECTOR = YES;
				GCC_WARN_UNINITIALIZED_AUTOS = YES_AGGRESSIVE;
				GCC_WARN_UNUSED_FUNCTION = YES;
				GCC_WARN_UNUSED_VARIABLE = YES;
				IPHONEOS_DEPLOYMENT_TARGET = 9.3;
				MTL_ENABLE_DEBUG_INFO = NO;
				SDKROOT = iphoneos;
				VALIDATE_PRODUCT = YES;
			};
			name = Release;
		};
		96E28ADD1CBFFB8500D2266C /* Debug */ = {
			isa = XCBuildConfiguration;
			buildSettings = {
				ASSETCATALOG_COMPILER_APPICON_NAME = AppIcon;
				INFOPLIST_FILE = "auto-layout-advanced/Info.plist";
				LD_RUNPATH_SEARCH_PATHS = "$(inherited) @executable_path/Frameworks";
				PRODUCT_BUNDLE_IDENTIFIER = "com.strifecrafter.auto-layout-advanced";
				PRODUCT_NAME = "$(TARGET_NAME)";
			};
			name = Debug;
		};
		96E28ADE1CBFFB8500D2266C /* Release */ = {
			isa = XCBuildConfiguration;
			buildSettings = {
				ASSETCATALOG_COMPILER_APPICON_NAME = AppIcon;
				INFOPLIST_FILE = "auto-layout-advanced/Info.plist";
				LD_RUNPATH_SEARCH_PATHS = "$(inherited) @executable_path/Frameworks";
				PRODUCT_BUNDLE_IDENTIFIER = "com.strifecrafter.auto-layout-advanced";
				PRODUCT_NAME = "$(TARGET_NAME)";
			};
			name = Release;
		};
/* End XCBuildConfiguration section */

/* Begin XCConfigurationList section */
		96E28AC51CBFFB8500D2266C /* Build configuration list for PBXProject "auto-layout-advanced" */ = {
			isa = XCConfigurationList;
			buildConfigurations = (
				96E28ADA1CBFFB8500D2266C /* Debug */,
				96E28ADB1CBFFB8500D2266C /* Release */,
			);
			defaultConfigurationIsVisible = 0;
			defaultConfigurationName = Release;
		};
		96E28ADC1CBFFB8500D2266C /* Build configuration list for PBXNativeTarget "auto-layout-advanced" */ = {
			isa = XCConfigurationList;
			buildConfigurations = (
				96E28ADD1CBFFB8500D2266C /* Debug */,
				96E28ADE1CBFFB8500D2266C /* Release */,
			);
			defaultConfigurationIsVisible = 0;
		};
/* End XCConfigurationList section */
	};
	rootObject = 96E28AC21CBFFB8500D2266C /* Project object */;
}
