// !$*UTF8*$!
{
	archiveVersion = 1;
	classes = {
	};
	objectVersion = 46;
	objects = {

/* Begin PBXBuildFile section */
		966FCA9F1B8F6E0D00C1EF07 /* AppDelegate.swift in Sources */ = {isa = PBXBuildFile; fileRef = 966FCA9E1B8F6E0D00C1EF07 /* AppDelegate.swift */; };
		966FCAA11B8F6E0D00C1EF07 /* ViewController.swift in Sources */ = {isa = PBXBuildFile; fileRef = 966FCAA01B8F6E0D00C1EF07 /* ViewController.swift */; };
		966FCAA41B8F6E0D00C1EF07 /* Main.storyboard in Resources */ = {isa = PBXBuildFile; fileRef = 966FCAA21B8F6E0D00C1EF07 /* Main.storyboard */; };
		966FCAA61B8F6E0E00C1EF07 /* Assets.xcassets in Resources */ = {isa = PBXBuildFile; fileRef = 966FCAA51B8F6E0E00C1EF07 /* Assets.xcassets */; };
		966FCAA91B8F6E0E00C1EF07 /* LaunchScreen.storyboard in Resources */ = {isa = PBXBuildFile; fileRef = 966FCAA71B8F6E0E00C1EF07 /* LaunchScreen.storyboard */; };
/* End PBXBuildFile section */

/* Begin PBXFileReference section */
		966FCA9B1B8F6E0D00C1EF07 /* Guessing Game.app */ = {isa = PBXFileReference; explicitFileType = wrapper.application; includeInIndex = 0; path = "Guessing Game.app"; sourceTree = BUILT_PRODUCTS_DIR; };
		966FCA9E1B8F6E0D00C1EF07 /* AppDelegate.swift */ = {isa = PBXFileReference; lastKnownFileType = sourcecode.swift; path = AppDelegate.swift; sourceTree = "<group>"; };
		966FCAA01B8F6E0D00C1EF07 /* ViewController.swift */ = {isa = PBXFileReference; lastKnownFileType = sourcecode.swift; path = ViewController.swift; sourceTree = "<group>"; };
		966FCAA31B8F6E0D00C1EF07 /* Base */ = {isa = PBXFileReference; lastKnownFileType = file.storyboard; name = Base; path = Base.lproj/Main.storyboard; sourceTree = "<group>"; };
		966FCAA51B8F6E0E00C1EF07 /* Assets.xcassets */ = {isa = PBXFileReference; lastKnownFileType = folder.assetcatalog; path = Assets.xcassets; sourceTree = "<group>"; };
		966FCAA81B8F6E0E00C1EF07 /* Base */ = {isa = PBXFileReference; lastKnownFileType = file.storyboard; name = Base; path = Base.lproj/LaunchScreen.storyboard; sourceTree = "<group>"; };
		966FCAAA1B8F6E0E00C1EF07 /* Info.plist */ = {isa = PBXFileReference; lastKnownFileType = text.plist.xml; path = Info.plist; sourceTree = "<group>"; };
/* End PBXFileReference section */

/* Begin PBXFrameworksBuildPhase section */
		966FCA981B8F6E0D00C1EF07 /* Frameworks */ = {
			isa = PBXFrameworksBuildPhase;
			buildActionMask = 2147483647;
			files = (
			);
			runOnlyForDeploymentPostprocessing = 0;
		};
/* End PBXFrameworksBuildPhase section */

/* Begin PBXGroup section */
		966FCA921B8F6E0D00C1EF07 = {
			isa = PBXGroup;
			children = (
				966FCA9D1B8F6E0D00C1EF07 /* Guessing Game */,
				966FCA9C1B8F6E0D00C1EF07 /* Products */,
			);
			sourceTree = "<group>";
		};
		966FCA9C1B8F6E0D00C1EF07 /* Products */ = {
			isa = PBXGroup;
			children = (
				966FCA9B1B8F6E0D00C1EF07 /* Guessing Game.app */,
			);
			name = Products;
			sourceTree = "<group>";
		};
		966FCA9D1B8F6E0D00C1EF07 /* Guessing Game */ = {
			isa = PBXGroup;
			children = (
				966FCA9E1B8F6E0D00C1EF07 /* AppDelegate.swift */,
				966FCAA01B8F6E0D00C1EF07 /* ViewController.swift */,
				966FCAA21B8F6E0D00C1EF07 /* Main.storyboard */,
				966FCAA51B8F6E0E00C1EF07 /* Assets.xcassets */,
				966FCAA71B8F6E0E00C1EF07 /* LaunchScreen.storyboard */,
				966FCAAA1B8F6E0E00C1EF07 /* Info.plist */,
			);
			path = "Guessing Game";
			sourceTree = "<group>";
		};
/* End PBXGroup section */

/* Begin PBXNativeTarget section */
		966FCA9A1B8F6E0D00C1EF07 /* Guessing Game */ = {
			isa = PBXNativeTarget;
			buildConfigurationList = 966FCAAD1B8F6E0E00C1EF07 /* Build configuration list for PBXNativeTarget "Guessing Game" */;
			buildPhases = (
				966FCA971B8F6E0D00C1EF07 /* Sources */,
				966FCA981B8F6E0D00C1EF07 /* Frameworks */,
				966FCA991B8F6E0D00C1EF07 /* Resources */,
			);
			buildRules = (
			);
			dependencies = (
			);
			name = "Guessing Game";
			productName = "Guessing Game";
			productReference = 966FCA9B1B8F6E0D00C1EF07 /* Guessing Game.app */;
			productType = "com.apple.product-type.application";
		};
/* End PBXNativeTarget section */

/* Begin PBXProject section */
		966FCA931B8F6E0D00C1EF07 /* Project object */ = {
			isa = PBXProject;
			attributes = {
				LastUpgradeCheck = 0700;
				ORGANIZATIONNAME = "Jim Veneskey";
				TargetAttributes = {
					966FCA9A1B8F6E0D00C1EF07 = {
						CreatedOnToolsVersion = 7.0;
					};
				};
			};
			buildConfigurationList = 966FCA961B8F6E0D00C1EF07 /* Build configuration list for PBXProject "Guessing Game" */;
			compatibilityVersion = "Xcode 3.2";
			developmentRegion = English;
			hasScannedForEncodings = 0;
			knownRegions = (
				en,
				Base,
			);
			mainGroup = 966FCA921B8F6E0D00C1EF07;
			productRefGroup = 966FCA9C1B8F6E0D00C1EF07 /* Products */;
			projectDirPath = "";
			projectRoot = "";
			targets = (
				966FCA9A1B8F6E0D00C1EF07 /* Guessing Game */,
			);
		};
/* End PBXProject section */

/* Begin PBXResourcesBuildPhase section */
		966FCA991B8F6E0D00C1EF07 /* Resources */ = {
			isa = PBXResourcesBuildPhase;
			buildActionMask = 2147483647;
			files = (
				966FCAA91B8F6E0E00C1EF07 /* LaunchScreen.storyboard in Resources */,
				966FCAA61B8F6E0E00C1EF07 /* Assets.xcassets in Resources */,
				966FCAA41B8F6E0D00C1EF07 /* Main.storyboard in Resources */,
			);
			runOnlyForDeploymentPostprocessing = 0;
		};
/* End PBXResourcesBuildPhase section */

/* Begin PBXSourcesBuildPhase section */
		966FCA971B8F6E0D00C1EF07 /* Sources */ = {
			isa = PBXSourcesBuildPhase;
			buildActionMask = 2147483647;
			files = (
				966FCAA11B8F6E0D00C1EF07 /* ViewController.swift in Sources */,
				966FCA9F1B8F6E0D00C1EF07 /* AppDelegate.swift in Sources */,
			);
			runOnlyForDeploymentPostprocessing = 0;
		};
/* End PBXSourcesBuildPhase section */

/* Begin PBXVariantGroup section */
		966FCAA21B8F6E0D00C1EF07 /* Main.storyboard */ = {
			isa = PBXVariantGroup;
			children = (
				966FCAA31B8F6E0D00C1EF07 /* Base */,
			);
			name = Main.storyboard;
			sourceTree = "<group>";
		};
		966FCAA71B8F6E0E00C1EF07 /* LaunchScreen.storyboard */ = {
			isa = PBXVariantGroup;
			children = (
				966FCAA81B8F6E0E00C1EF07 /* Base */,
			);
			name = LaunchScreen.storyboard;
			sourceTree = "<group>";
		};
/* End PBXVariantGroup section */

/* Begin XCBuildConfiguration section */
		966FCAAB1B8F6E0E00C1EF07 /* Debug */ = {
			isa = XCBuildConfiguration;
			buildSettings = {
				ALWAYS_SEARCH_USER_PATHS = NO;
				CLANG_CXX_LANGUAGE_STANDARD = "gnu++0x";
				CLANG_CXX_LIBRARY = "libc++";
				CLANG_ENABLE_MODULES = YES;
				CLANG_ENABLE_OBJC_ARC = YES;
				CLANG_WARN_BOOL_CONVERSION = YES;
				CLANG_WARN_CONSTANT_CONVERSION = YES;
				CLANG_WARN_DIRECT_OBJC_ISA_USAGE = YES_ERROR;
				CLANG_WARN_EMPTY_BODY = YES;
				CLANG_WARN_ENUM_CONVERSION = YES;
				CLANG_WARN_INT_CONVERSION = YES;
				CLANG_WARN_OBJC_ROOT_CLASS = YES_ERROR;
				CLANG_WARN_UNREACHABLE_CODE = YES;
				CLANG_WARN__DUPLICATE_METHOD_MATCH = YES;
				"CODE_SIGN_IDENTITY[sdk=iphoneos*]" = "iPhone Developer";
				COPY_PHASE_STRIP = NO;
				DEBUG_INFORMATION_FORMAT = dwarf;
				ENABLE_STRICT_OBJC_MSGSEND = YES;
				ENABLE_TESTABILITY = YES;
				GCC_C_LANGUAGE_STANDARD = gnu99;
				GCC_DYNAMIC_NO_PIC = NO;
				GCC_NO_COMMON_BLOCKS = YES;
				GCC_OPTIMIZATION_LEVEL = 0;
				GCC_PREPROCESSOR_DEFINITIONS = (
					"DEBUG=1",
					"$(inherited)",
				);
				GCC_WARN_64_TO_32_BIT_CONVERSION = YES;
				GCC_WARN_ABOUT_RETURN_TYPE = YES_ERROR;
				GCC_WARN_UNDECLARED_SELECTOR = YES;
				GCC_WARN_UNINITIALIZED_AUTOS = YES_AGGRESSIVE;
				GCC_WARN_UNUSED_FUNCTION = YES;
				GCC_WARN_UNUSED_VARIABLE = YES;
				IPHONEOS_DEPLOYMENT_TARGET = 9.0;
				MTL_ENABLE_DEBUG_INFO = YES;
				ONLY_ACTIVE_ARCH = YES;
				SDKROOT = iphoneos;
				SWIFT_OPTIMIZATION_LEVEL = "-Onone";
			};
			name = Debug;
		};
		966FCAAC1B8F6E0E00C1EF07 /* Release */ = {
			isa = XCBuildConfiguration;
			buildSettings = {
				ALWAYS_SEARCH_USER_PATHS = NO;
				CLANG_CXX_LANGUAGE_STANDARD = "gnu++0x";
				CLANG_CXX_LIBRARY = "libc++";
				CLANG_ENABLE_MODULES = YES;
				CLANG_ENABLE_OBJC_ARC = YES;
				CLANG_WARN_BOOL_CONVERSION = YES;
				CLANG_WARN_CONSTANT_CONVERSION = YES;
				CLANG_WARN_DIRECT_OBJC_ISA_USAGE = YES_ERROR;
				CLANG_WARN_EMPTY_BODY = YES;
				CLANG_WARN_ENUM_CONVERSION = YES;
				CLANG_WARN_INT_CONVERSION = YES;
				CLANG_WARN_OBJC_ROOT_CLASS = YES_ERROR;
				CLANG_WARN_UNREACHABLE_CODE = YES;
				CLANG_WARN__DUPLICATE_METHOD_MATCH = YES;
				"CODE_SIGN_IDENTITY[sdk=iphoneos*]" = "iPhone Developer";
				COPY_PHASE_STRIP = NO;
				DEBUG_INFORMATION_FORMAT = "dwarf-with-dsym";
				ENABLE_NS_ASSERTIONS = NO;
				ENABLE_STRICT_OBJC_MSGSEND = YES;
				GCC_C_LANGUAGE_STANDARD = gnu99;
				GCC_NO_COMMON_BLOCKS = YES;
				GCC_WARN_64_TO_32_BIT_CONVERSION = YES;
				GCC_WARN_ABOUT_RETURN_TYPE = YES_ERROR;
				GCC_WARN_UNDECLARED_SELECTOR = YES;
				GCC_WARN_UNINITIALIZED_AUTOS = YES_AGGRESSIVE;
				GCC_WARN_UNUSED_FUNCTION = YES;
				GCC_WARN_UNUSED_VARIABLE = YES;
				IPHONEOS_DEPLOYMENT_TARGET = 9.0;
				MTL_ENABLE_DEBUG_INFO = NO;
				SDKROOT = iphoneos;
				VALIDATE_PRODUCT = YES;
			};
			name = Release;
		};
		966FCAAE1B8F6E0E00C1EF07 /* Debug */ = {
			isa = XCBuildConfiguration;
			buildSettings = {
				ASSETCATALOG_COMPILER_APPICON_NAME = AppIcon;
				INFOPLIST_FILE = "Guessing Game/Info.plist";
				LD_RUNPATH_SEARCH_PATHS = "$(inherited) @executable_path/Frameworks";
				PRODUCT_BUNDLE_IDENTIFIER = "com.strifecrafter.Guessing-Game";
				PRODUCT_NAME = "$(TARGET_NAME)";
			};
			name = Debug;
		};
		966FCAAF1B8F6E0E00C1EF07 /* Release */ = {
			isa = XCBuildConfiguration;
			buildSettings = {
				ASSETCATALOG_COMPILER_APPICON_NAME = AppIcon;
				INFOPLIST_FILE = "Guessing Game/Info.plist";
				LD_RUNPATH_SEARCH_PATHS = "$(inherited) @executable_path/Frameworks";
				PRODUCT_BUNDLE_IDENTIFIER = "com.strifecrafter.Guessing-Game";
				PRODUCT_NAME = "$(TARGET_NAME)";
			};
			name = Release;
		};
/* End XCBuildConfiguration section */

/* Begin XCConfigurationList section */
		966FCA961B8F6E0D00C1EF07 /* Build configuration list for PBXProject "Guessing Game" */ = {
			isa = XCConfigurationList;
			buildConfigurations = (
				966FCAAB1B8F6E0E00C1EF07 /* Debug */,
				966FCAAC1B8F6E0E00C1EF07 /* Release */,
			);
			defaultConfigurationIsVisible = 0;
			defaultConfigurationName = Release;
		};
		966FCAAD1B8F6E0E00C1EF07 /* Build configuration list for PBXNativeTarget "Guessing Game" */ = {
			isa = XCConfigurationList;
			buildConfigurations = (
				966FCAAE1B8F6E0E00C1EF07 /* Debug */,
				966FCAAF1B8F6E0E00C1EF07 /* Release */,
			);
			defaultConfigurationIsVisible = 0;
		};
/* End XCConfigurationList section */
	};
	rootObject = 966FCA931B8F6E0D00C1EF07 /* Project object */;
}
