// !$*UTF8*$!
{
	archiveVersion = 1;
	classes = {
	};
	objectVersion = 46;
	objects = {

/* Begin PBXBuildFile section */
		969937681B8CCD29007BA18D /* AppDelegate.swift in Sources */ = {isa = PBXBuildFile; fileRef = 969937671B8CCD29007BA18D /* AppDelegate.swift */; };
		9699376A1B8CCD29007BA18D /* ViewController.swift in Sources */ = {isa = PBXBuildFile; fileRef = 969937691B8CCD29007BA18D /* ViewController.swift */; };
		9699376D1B8CCD29007BA18D /* Main.storyboard in Resources */ = {isa = PBXBuildFile; fileRef = 9699376B1B8CCD29007BA18D /* Main.storyboard */; };
		9699376F1B8CCD29007BA18D /* Assets.xcassets in Resources */ = {isa = PBXBuildFile; fileRef = 9699376E1B8CCD29007BA18D /* Assets.xcassets */; };
		969937721B8CCD29007BA18D /* LaunchScreen.storyboard in Resources */ = {isa = PBXBuildFile; fileRef = 969937701B8CCD29007BA18D /* LaunchScreen.storyboard */; };
		9699377A1B8CCED2007BA18D /* Cat-Clipart-1.png in Resources */ = {isa = PBXBuildFile; fileRef = 969937791B8CCED2007BA18D /* Cat-Clipart-1.png */; };
/* End PBXBuildFile section */

/* Begin PBXFileReference section */
		969937641B8CCD29007BA18D /* Cat Years.app */ = {isa = PBXFileReference; explicitFileType = wrapper.application; includeInIndex = 0; path = "Cat Years.app"; sourceTree = BUILT_PRODUCTS_DIR; };
		969937671B8CCD29007BA18D /* AppDelegate.swift */ = {isa = PBXFileReference; lastKnownFileType = sourcecode.swift; path = AppDelegate.swift; sourceTree = "<group>"; };
		969937691B8CCD29007BA18D /* ViewController.swift */ = {isa = PBXFileReference; lastKnownFileType = sourcecode.swift; path = ViewController.swift; sourceTree = "<group>"; };
		9699376C1B8CCD29007BA18D /* Base */ = {isa = PBXFileReference; lastKnownFileType = file.storyboard; name = Base; path = Base.lproj/Main.storyboard; sourceTree = "<group>"; };
		9699376E1B8CCD29007BA18D /* Assets.xcassets */ = {isa = PBXFileReference; lastKnownFileType = folder.assetcatalog; path = Assets.xcassets; sourceTree = "<group>"; };
		969937711B8CCD29007BA18D /* Base */ = {isa = PBXFileReference; lastKnownFileType = file.storyboard; name = Base; path = Base.lproj/LaunchScreen.storyboard; sourceTree = "<group>"; };
		969937731B8CCD29007BA18D /* Info.plist */ = {isa = PBXFileReference; lastKnownFileType = text.plist.xml; path = Info.plist; sourceTree = "<group>"; };
		969937791B8CCED2007BA18D /* Cat-Clipart-1.png */ = {isa = PBXFileReference; lastKnownFileType = image.png; path = "Cat-Clipart-1.png"; sourceTree = "<group>"; };
/* End PBXFileReference section */

/* Begin PBXFrameworksBuildPhase section */
		969937611B8CCD29007BA18D /* Frameworks */ = {
			isa = PBXFrameworksBuildPhase;
			buildActionMask = 2147483647;
			files = (
			);
			runOnlyForDeploymentPostprocessing = 0;
		};
/* End PBXFrameworksBuildPhase section */

/* Begin PBXGroup section */
		9699375B1B8CCD29007BA18D = {
			isa = PBXGroup;
			children = (
				969937661B8CCD29007BA18D /* Cat Years */,
				969937651B8CCD29007BA18D /* Products */,
			);
			sourceTree = "<group>";
		};
		969937651B8CCD29007BA18D /* Products */ = {
			isa = PBXGroup;
			children = (
				969937641B8CCD29007BA18D /* Cat Years.app */,
			);
			name = Products;
			sourceTree = "<group>";
		};
		969937661B8CCD29007BA18D /* Cat Years */ = {
			isa = PBXGroup;
			children = (
				969937671B8CCD29007BA18D /* AppDelegate.swift */,
				969937691B8CCD29007BA18D /* ViewController.swift */,
				9699376B1B8CCD29007BA18D /* Main.storyboard */,
				969937791B8CCED2007BA18D /* Cat-Clipart-1.png */,
				9699376E1B8CCD29007BA18D /* Assets.xcassets */,
				969937701B8CCD29007BA18D /* LaunchScreen.storyboard */,
				969937731B8CCD29007BA18D /* Info.plist */,
			);
			path = "Cat Years";
			sourceTree = "<group>";
		};
/* End PBXGroup section */

/* Begin PBXNativeTarget section */
		969937631B8CCD29007BA18D /* Cat Years */ = {
			isa = PBXNativeTarget;
			buildConfigurationList = 969937761B8CCD29007BA18D /* Build configuration list for PBXNativeTarget "Cat Years" */;
			buildPhases = (
				969937601B8CCD29007BA18D /* Sources */,
				969937611B8CCD29007BA18D /* Frameworks */,
				969937621B8CCD29007BA18D /* Resources */,
			);
			buildRules = (
			);
			dependencies = (
			);
			name = "Cat Years";
			productName = "Cat Years";
			productReference = 969937641B8CCD29007BA18D /* Cat Years.app */;
			productType = "com.apple.product-type.application";
		};
/* End PBXNativeTarget section */

/* Begin PBXProject section */
		9699375C1B8CCD29007BA18D /* Project object */ = {
			isa = PBXProject;
			attributes = {
				LastUpgradeCheck = 0700;
				ORGANIZATIONNAME = "Jim Veneskey";
				TargetAttributes = {
					969937631B8CCD29007BA18D = {
						CreatedOnToolsVersion = 7.0;
					};
				};
			};
			buildConfigurationList = 9699375F1B8CCD29007BA18D /* Build configuration list for PBXProject "Cat Years" */;
			compatibilityVersion = "Xcode 3.2";
			developmentRegion = English;
			hasScannedForEncodings = 0;
			knownRegions = (
				en,
				Base,
			);
			mainGroup = 9699375B1B8CCD29007BA18D;
			productRefGroup = 969937651B8CCD29007BA18D /* Products */;
			projectDirPath = "";
			projectRoot = "";
			targets = (
				969937631B8CCD29007BA18D /* Cat Years */,
			);
		};
/* End PBXProject section */

/* Begin PBXResourcesBuildPhase section */
		969937621B8CCD29007BA18D /* Resources */ = {
			isa = PBXResourcesBuildPhase;
			buildActionMask = 2147483647;
			files = (
				969937721B8CCD29007BA18D /* LaunchScreen.storyboard in Resources */,
				9699376F1B8CCD29007BA18D /* Assets.xcassets in Resources */,
				9699377A1B8CCED2007BA18D /* Cat-Clipart-1.png in Resources */,
				9699376D1B8CCD29007BA18D /* Main.storyboard in Resources */,
			);
			runOnlyForDeploymentPostprocessing = 0;
		};
/* End PBXResourcesBuildPhase section */

/* Begin PBXSourcesBuildPhase section */
		969937601B8CCD29007BA18D /* Sources */ = {
			isa = PBXSourcesBuildPhase;
			buildActionMask = 2147483647;
			files = (
				9699376A1B8CCD29007BA18D /* ViewController.swift in Sources */,
				969937681B8CCD29007BA18D /* AppDelegate.swift in Sources */,
			);
			runOnlyForDeploymentPostprocessing = 0;
		};
/* End PBXSourcesBuildPhase section */

/* Begin PBXVariantGroup section */
		9699376B1B8CCD29007BA18D /* Main.storyboard */ = {
			isa = PBXVariantGroup;
			children = (
				9699376C1B8CCD29007BA18D /* Base */,
			);
			name = Main.storyboard;
			sourceTree = "<group>";
		};
		969937701B8CCD29007BA18D /* LaunchScreen.storyboard */ = {
			isa = PBXVariantGroup;
			children = (
				969937711B8CCD29007BA18D /* Base */,
			);
			name = LaunchScreen.storyboard;
			sourceTree = "<group>";
		};
/* End PBXVariantGroup section */

/* Begin XCBuildConfiguration section */
		969937741B8CCD29007BA18D /* Debug */ = {
			isa = XCBuildConfiguration;
			buildSettings = {
				ALWAYS_SEARCH_USER_PATHS = NO;
				CLANG_CXX_LANGUAGE_STANDARD = "gnu++0x";
				CLANG_CXX_LIBRARY = "libc++";
				CLANG_ENABLE_MODULES = YES;
				CLANG_ENABLE_OBJC_ARC = YES;
				CLANG_WARN_BOOL_CONVERSION = YES;
				CLANG_WARN_CONSTANT_CONVERSION = YES;
				CLANG_WARN_DIRECT_OBJC_ISA_USAGE = YES_ERROR;
				CLANG_WARN_EMPTY_BODY = YES;
				CLANG_WARN_ENUM_CONVERSION = YES;
				CLANG_WARN_INT_CONVERSION = YES;
				CLANG_WARN_OBJC_ROOT_CLASS = YES_ERROR;
				CLANG_WARN_UNREACHABLE_CODE = YES;
				CLANG_WARN__DUPLICATE_METHOD_MATCH = YES;
				"CODE_SIGN_IDENTITY[sdk=iphoneos*]" = "iPhone Developer";
				COPY_PHASE_STRIP = NO;
				DEBUG_INFORMATION_FORMAT = dwarf;
				ENABLE_STRICT_OBJC_MSGSEND = YES;
				ENABLE_TESTABILITY = YES;
				GCC_C_LANGUAGE_STANDARD = gnu99;
				GCC_DYNAMIC_NO_PIC = NO;
				GCC_NO_COMMON_BLOCKS = YES;
				GCC_OPTIMIZATION_LEVEL = 0;
				GCC_PREPROCESSOR_DEFINITIONS = (
					"DEBUG=1",
					"$(inherited)",
				);
				GCC_WARN_64_TO_32_BIT_CONVERSION = YES;
				GCC_WARN_ABOUT_RETURN_TYPE = YES_ERROR;
				GCC_WARN_UNDECLARED_SELECTOR = YES;
				GCC_WARN_UNINITIALIZED_AUTOS = YES_AGGRESSIVE;
				GCC_WARN_UNUSED_FUNCTION = YES;
				GCC_WARN_UNUSED_VARIABLE = YES;
				IPHONEOS_DEPLOYMENT_TARGET = 9.0;
				MTL_ENABLE_DEBUG_INFO = YES;
				ONLY_ACTIVE_ARCH = YES;
				SDKROOT = iphoneos;
				SWIFT_OPTIMIZATION_LEVEL = "-Onone";
			};
			name = Debug;
		};
		969937751B8CCD29007BA18D /* Release */ = {
			isa = XCBuildConfiguration;
			buildSettings = {
				ALWAYS_SEARCH_USER_PATHS = NO;
				CLANG_CXX_LANGUAGE_STANDARD = "gnu++0x";
				CLANG_CXX_LIBRARY = "libc++";
				CLANG_ENABLE_MODULES = YES;
				CLANG_ENABLE_OBJC_ARC = YES;
				CLANG_WARN_BOOL_CONVERSION = YES;
				CLANG_WARN_CONSTANT_CONVERSION = YES;
				CLANG_WARN_DIRECT_OBJC_ISA_USAGE = YES_ERROR;
				CLANG_WARN_EMPTY_BODY = YES;
				CLANG_WARN_ENUM_CONVERSION = YES;
				CLANG_WARN_INT_CONVERSION = YES;
				CLANG_WARN_OBJC_ROOT_CLASS = YES_ERROR;
				CLANG_WARN_UNREACHABLE_CODE = YES;
				CLANG_WARN__DUPLICATE_METHOD_MATCH = YES;
				"CODE_SIGN_IDENTITY[sdk=iphoneos*]" = "iPhone Developer";
				COPY_PHASE_STRIP = NO;
				DEBUG_INFORMATION_FORMAT = "dwarf-with-dsym";
				ENABLE_NS_ASSERTIONS = NO;
				ENABLE_STRICT_OBJC_MSGSEND = YES;
				GCC_C_LANGUAGE_STANDARD = gnu99;
				GCC_NO_COMMON_BLOCKS = YES;
				GCC_WARN_64_TO_32_BIT_CONVERSION = YES;
				GCC_WARN_ABOUT_RETURN_TYPE = YES_ERROR;
				GCC_WARN_UNDECLARED_SELECTOR = YES;
				GCC_WARN_UNINITIALIZED_AUTOS = YES_AGGRESSIVE;
				GCC_WARN_UNUSED_FUNCTION = YES;
				GCC_WARN_UNUSED_VARIABLE = YES;
				IPHONEOS_DEPLOYMENT_TARGET = 9.0;
				MTL_ENABLE_DEBUG_INFO = NO;
				SDKROOT = iphoneos;
				VALIDATE_PRODUCT = YES;
			};
			name = Release;
		};
		969937771B8CCD29007BA18D /* Debug */ = {
			isa = XCBuildConfiguration;
			buildSettings = {
				ASSETCATALOG_COMPILER_APPICON_NAME = AppIcon;
				INFOPLIST_FILE = "Cat Years/Info.plist";
				LD_RUNPATH_SEARCH_PATHS = "$(inherited) @executable_path/Frameworks";
				PRODUCT_BUNDLE_IDENTIFIER = "com.strifecrafter.Cat-Years";
				PRODUCT_NAME = "$(TARGET_NAME)";
			};
			name = Debug;
		};
		969937781B8CCD29007BA18D /* Release */ = {
			isa = XCBuildConfiguration;
			buildSettings = {
				ASSETCATALOG_COMPILER_APPICON_NAME = AppIcon;
				INFOPLIST_FILE = "Cat Years/Info.plist";
				LD_RUNPATH_SEARCH_PATHS = "$(inherited) @executable_path/Frameworks";
				PRODUCT_BUNDLE_IDENTIFIER = "com.strifecrafter.Cat-Years";
				PRODUCT_NAME = "$(TARGET_NAME)";
			};
			name = Release;
		};
/* End XCBuildConfiguration section */

/* Begin XCConfigurationList section */
		9699375F1B8CCD29007BA18D /* Build configuration list for PBXProject "Cat Years" */ = {
			isa = XCConfigurationList;
			buildConfigurations = (
				969937741B8CCD29007BA18D /* Debug */,
				969937751B8CCD29007BA18D /* Release */,
			);
			defaultConfigurationIsVisible = 0;
			defaultConfigurationName = Release;
		};
		969937761B8CCD29007BA18D /* Build configuration list for PBXNativeTarget "Cat Years" */ = {
			isa = XCConfigurationList;
			buildConfigurations = (
				969937771B8CCD29007BA18D /* Debug */,
				969937781B8CCD29007BA18D /* Release */,
			);
			defaultConfigurationIsVisible = 0;
		};
/* End XCConfigurationList section */
	};
	rootObject = 9699375C1B8CCD29007BA18D /* Project object */;
}
