// !$*UTF8*$!
{
	archiveVersion = 1;
	classes = {
	};
	objectVersion = 46;
	objects = {

/* Begin PBXBuildFile section */
		961A84B71BAC402A00B230F0 /* AppDelegate.swift in Sources */ = {isa = PBXBuildFile; fileRef = 961A84B61BAC402A00B230F0 /* AppDelegate.swift */; };
		961A84BA1BAC402A00B230F0 /* Blog_Reader.xcdatamodeld in Sources */ = {isa = PBXBuildFile; fileRef = 961A84B81BAC402A00B230F0 /* Blog_Reader.xcdatamodeld */; };
		961A84BC1BAC402A00B230F0 /* MasterViewController.swift in Sources */ = {isa = PBXBuildFile; fileRef = 961A84BB1BAC402A00B230F0 /* MasterViewController.swift */; };
		961A84BE1BAC402A00B230F0 /* DetailViewController.swift in Sources */ = {isa = PBXBuildFile; fileRef = 961A84BD1BAC402A00B230F0 /* DetailViewController.swift */; };
		961A84C11BAC402A00B230F0 /* Main.storyboard in Resources */ = {isa = PBXBuildFile; fileRef = 961A84BF1BAC402A00B230F0 /* Main.storyboard */; };
		961A84C31BAC402A00B230F0 /* Assets.xcassets in Resources */ = {isa = PBXBuildFile; fileRef = 961A84C21BAC402A00B230F0 /* Assets.xcassets */; };
		961A84C61BAC402A00B230F0 /* LaunchScreen.storyboard in Resources */ = {isa = PBXBuildFile; fileRef = 961A84C41BAC402A00B230F0 /* LaunchScreen.storyboard */; };
/* End PBXBuildFile section */

/* Begin PBXFileReference section */
		961A84B31BAC402A00B230F0 /* Blog Reader.app */ = {isa = PBXFileReference; explicitFileType = wrapper.application; includeInIndex = 0; path = "Blog Reader.app"; sourceTree = BUILT_PRODUCTS_DIR; };
		961A84B61BAC402A00B230F0 /* AppDelegate.swift */ = {isa = PBXFileReference; lastKnownFileType = sourcecode.swift; path = AppDelegate.swift; sourceTree = "<group>"; };
		961A84B91BAC402A00B230F0 /* Blog_Reader.xcdatamodel */ = {isa = PBXFileReference; lastKnownFileType = wrapper.xcdatamodel; path = Blog_Reader.xcdatamodel; sourceTree = "<group>"; };
		961A84BB1BAC402A00B230F0 /* MasterViewController.swift */ = {isa = PBXFileReference; lastKnownFileType = sourcecode.swift; path = MasterViewController.swift; sourceTree = "<group>"; };
		961A84BD1BAC402A00B230F0 /* DetailViewController.swift */ = {isa = PBXFileReference; lastKnownFileType = sourcecode.swift; path = DetailViewController.swift; sourceTree = "<group>"; };
		961A84C01BAC402A00B230F0 /* Base */ = {isa = PBXFileReference; lastKnownFileType = file.storyboard; name = Base; path = Base.lproj/Main.storyboard; sourceTree = "<group>"; };
		961A84C21BAC402A00B230F0 /* Assets.xcassets */ = {isa = PBXFileReference; lastKnownFileType = folder.assetcatalog; path = Assets.xcassets; sourceTree = "<group>"; };
		961A84C51BAC402A00B230F0 /* Base */ = {isa = PBXFileReference; lastKnownFileType = file.storyboard; name = Base; path = Base.lproj/LaunchScreen.storyboard; sourceTree = "<group>"; };
		961A84C71BAC402A00B230F0 /* Info.plist */ = {isa = PBXFileReference; lastKnownFileType = text.plist.xml; path = Info.plist; sourceTree = "<group>"; };
/* End PBXFileReference section */

/* Begin PBXFrameworksBuildPhase section */
		961A84B01BAC402A00B230F0 /* Frameworks */ = {
			isa = PBXFrameworksBuildPhase;
			buildActionMask = 2147483647;
			files = (
			);
			runOnlyForDeploymentPostprocessing = 0;
		};
/* End PBXFrameworksBuildPhase section */

/* Begin PBXGroup section */
		961A84AA1BAC402A00B230F0 = {
			isa = PBXGroup;
			children = (
				961A84B51BAC402A00B230F0 /* Blog Reader */,
				961A84B41BAC402A00B230F0 /* Products */,
			);
			sourceTree = "<group>";
		};
		961A84B41BAC402A00B230F0 /* Products */ = {
			isa = PBXGroup;
			children = (
				961A84B31BAC402A00B230F0 /* Blog Reader.app */,
			);
			name = Products;
			sourceTree = "<group>";
		};
		961A84B51BAC402A00B230F0 /* Blog Reader */ = {
			isa = PBXGroup;
			children = (
				961A84B61BAC402A00B230F0 /* AppDelegate.swift */,
				961A84BB1BAC402A00B230F0 /* MasterViewController.swift */,
				961A84BD1BAC402A00B230F0 /* DetailViewController.swift */,
				961A84BF1BAC402A00B230F0 /* Main.storyboard */,
				961A84C21BAC402A00B230F0 /* Assets.xcassets */,
				961A84C41BAC402A00B230F0 /* LaunchScreen.storyboard */,
				961A84C71BAC402A00B230F0 /* Info.plist */,
				961A84B81BAC402A00B230F0 /* Blog_Reader.xcdatamodeld */,
			);
			path = "Blog Reader";
			sourceTree = "<group>";
		};
/* End PBXGroup section */

/* Begin PBXNativeTarget section */
		961A84B21BAC402A00B230F0 /* Blog Reader */ = {
			isa = PBXNativeTarget;
			buildConfigurationList = 961A84CA1BAC402A00B230F0 /* Build configuration list for PBXNativeTarget "Blog Reader" */;
			buildPhases = (
				961A84AF1BAC402A00B230F0 /* Sources */,
				961A84B01BAC402A00B230F0 /* Frameworks */,
				961A84B11BAC402A00B230F0 /* Resources */,
			);
			buildRules = (
			);
			dependencies = (
			);
			name = "Blog Reader";
			productName = "Blog Reader";
			productReference = 961A84B31BAC402A00B230F0 /* Blog Reader.app */;
			productType = "com.apple.product-type.application";
		};
/* End PBXNativeTarget section */

/* Begin PBXProject section */
		961A84AB1BAC402A00B230F0 /* Project object */ = {
			isa = PBXProject;
			attributes = {
				LastUpgradeCheck = 0700;
				ORGANIZATIONNAME = "Jim Veneskey";
				TargetAttributes = {
					961A84B21BAC402A00B230F0 = {
						CreatedOnToolsVersion = 7.0;
					};
				};
			};
			buildConfigurationList = 961A84AE1BAC402A00B230F0 /* Build configuration list for PBXProject "Blog Reader" */;
			compatibilityVersion = "Xcode 3.2";
			developmentRegion = English;
			hasScannedForEncodings = 0;
			knownRegions = (
				en,
				Base,
			);
			mainGroup = 961A84AA1BAC402A00B230F0;
			productRefGroup = 961A84B41BAC402A00B230F0 /* Products */;
			projectDirPath = "";
			projectRoot = "";
			targets = (
				961A84B21BAC402A00B230F0 /* Blog Reader */,
			);
		};
/* End PBXProject section */

/* Begin PBXResourcesBuildPhase section */
		961A84B11BAC402A00B230F0 /* Resources */ = {
			isa = PBXResourcesBuildPhase;
			buildActionMask = 2147483647;
			files = (
				961A84C61BAC402A00B230F0 /* LaunchScreen.storyboard in Resources */,
				961A84C31BAC402A00B230F0 /* Assets.xcassets in Resources */,
				961A84C11BAC402A00B230F0 /* Main.storyboard in Resources */,
			);
			runOnlyForDeploymentPostprocessing = 0;
		};
/* End PBXResourcesBuildPhase section */

/* Begin PBXSourcesBuildPhase section */
		961A84AF1BAC402A00B230F0 /* Sources */ = {
			isa = PBXSourcesBuildPhase;
			buildActionMask = 2147483647;
			files = (
				961A84BA1BAC402A00B230F0 /* Blog_Reader.xcdatamodeld in Sources */,
				961A84B71BAC402A00B230F0 /* AppDelegate.swift in Sources */,
				961A84BC1BAC402A00B230F0 /* MasterViewController.swift in Sources */,
				961A84BE1BAC402A00B230F0 /* DetailViewController.swift in Sources */,
			);
			runOnlyForDeploymentPostprocessing = 0;
		};
/* End PBXSourcesBuildPhase section */

/* Begin PBXVariantGroup section */
		961A84BF1BAC402A00B230F0 /* Main.storyboard */ = {
			isa = PBXVariantGroup;
			children = (
				961A84C01BAC402A00B230F0 /* Base */,
			);
			name = Main.storyboard;
			sourceTree = "<group>";
		};
		961A84C41BAC402A00B230F0 /* LaunchScreen.storyboard */ = {
			isa = PBXVariantGroup;
			children = (
				961A84C51BAC402A00B230F0 /* Base */,
			);
			name = LaunchScreen.storyboard;
			sourceTree = "<group>";
		};
/* End PBXVariantGroup section */

/* Begin XCBuildConfiguration section */
		961A84C81BAC402A00B230F0 /* Debug */ = {
			isa = XCBuildConfiguration;
			buildSettings = {
				ALWAYS_SEARCH_USER_PATHS = NO;
				CLANG_CXX_LANGUAGE_STANDARD = "gnu++0x";
				CLANG_CXX_LIBRARY = "libc++";
				CLANG_ENABLE_MODULES = YES;
				CLANG_ENABLE_OBJC_ARC = YES;
				CLANG_WARN_BOOL_CONVERSION = YES;
				CLANG_WARN_CONSTANT_CONVERSION = YES;
				CLANG_WARN_DIRECT_OBJC_ISA_USAGE = YES_ERROR;
				CLANG_WARN_EMPTY_BODY = YES;
				CLANG_WARN_ENUM_CONVERSION = YES;
				CLANG_WARN_INT_CONVERSION = YES;
				CLANG_WARN_OBJC_ROOT_CLASS = YES_ERROR;
				CLANG_WARN_UNREACHABLE_CODE = YES;
				CLANG_WARN__DUPLICATE_METHOD_MATCH = YES;
				"CODE_SIGN_IDENTITY[sdk=iphoneos*]" = "iPhone Developer";
				COPY_PHASE_STRIP = NO;
				DEBUG_INFORMATION_FORMAT = dwarf;
				ENABLE_STRICT_OBJC_MSGSEND = YES;
				ENABLE_TESTABILITY = YES;
				GCC_C_LANGUAGE_STANDARD = gnu99;
				GCC_DYNAMIC_NO_PIC = NO;
				GCC_NO_COMMON_BLOCKS = YES;
				GCC_OPTIMIZATION_LEVEL = 0;
				GCC_PREPROCESSOR_DEFINITIONS = (
					"DEBUG=1",
					"$(inherited)",
				);
				GCC_WARN_64_TO_32_BIT_CONVERSION = YES;
				GCC_WARN_ABOUT_RETURN_TYPE = YES_ERROR;
				GCC_WARN_UNDECLARED_SELECTOR = YES;
				GCC_WARN_UNINITIALIZED_AUTOS = YES_AGGRESSIVE;
				GCC_WARN_UNUSED_FUNCTION = YES;
				GCC_WARN_UNUSED_VARIABLE = YES;
				IPHONEOS_DEPLOYMENT_TARGET = 9.0;
				MTL_ENABLE_DEBUG_INFO = YES;
				ONLY_ACTIVE_ARCH = YES;
				SDKROOT = iphoneos;
				SWIFT_OPTIMIZATION_LEVEL = "-Onone";
			};
			name = Debug;
		};
		961A84C91BAC402A00B230F0 /* Release */ = {
			isa = XCBuildConfiguration;
			buildSettings = {
				ALWAYS_SEARCH_USER_PATHS = NO;
				CLANG_CXX_LANGUAGE_STANDARD = "gnu++0x";
				CLANG_CXX_LIBRARY = "libc++";
				CLANG_ENABLE_MODULES = YES;
				CLANG_ENABLE_OBJC_ARC = YES;
				CLANG_WARN_BOOL_CONVERSION = YES;
				CLANG_WARN_CONSTANT_CONVERSION = YES;
				CLANG_WARN_DIRECT_OBJC_ISA_USAGE = YES_ERROR;
				CLANG_WARN_EMPTY_BODY = YES;
				CLANG_WARN_ENUM_CONVERSION = YES;
				CLANG_WARN_INT_CONVERSION = YES;
				CLANG_WARN_OBJC_ROOT_CLASS = YES_ERROR;
				CLANG_WARN_UNREACHABLE_CODE = YES;
				CLANG_WARN__DUPLICATE_METHOD_MATCH = YES;
				"CODE_SIGN_IDENTITY[sdk=iphoneos*]" = "iPhone Developer";
				COPY_PHASE_STRIP = NO;
				DEBUG_INFORMATION_FORMAT = "dwarf-with-dsym";
				ENABLE_NS_ASSERTIONS = NO;
				ENABLE_STRICT_OBJC_MSGSEND = YES;
				GCC_C_LANGUAGE_STANDARD = gnu99;
				GCC_NO_COMMON_BLOCKS = YES;
				GCC_WARN_64_TO_32_BIT_CONVERSION = YES;
				GCC_WARN_ABOUT_RETURN_TYPE = YES_ERROR;
				GCC_WARN_UNDECLARED_SELECTOR = YES;
				GCC_WARN_UNINITIALIZED_AUTOS = YES_AGGRESSIVE;
				GCC_WARN_UNUSED_FUNCTION = YES;
				GCC_WARN_UNUSED_VARIABLE = YES;
				IPHONEOS_DEPLOYMENT_TARGET = 9.0;
				MTL_ENABLE_DEBUG_INFO = NO;
				SDKROOT = iphoneos;
				VALIDATE_PRODUCT = YES;
			};
			name = Release;
		};
		961A84CB1BAC402A00B230F0 /* Debug */ = {
			isa = XCBuildConfiguration;
			buildSettings = {
				ASSETCATALOG_COMPILER_APPICON_NAME = AppIcon;
				INFOPLIST_FILE = "Blog Reader/Info.plist";
				LD_RUNPATH_SEARCH_PATHS = "$(inherited) @executable_path/Frameworks";
				PRODUCT_BUNDLE_IDENTIFIER = "com.bifftech.Blog-Reader";
				PRODUCT_NAME = "$(TARGET_NAME)";
			};
			name = Debug;
		};
		961A84CC1BAC402A00B230F0 /* Release */ = {
			isa = XCBuildConfiguration;
			buildSettings = {
				ASSETCATALOG_COMPILER_APPICON_NAME = AppIcon;
				INFOPLIST_FILE = "Blog Reader/Info.plist";
				LD_RUNPATH_SEARCH_PATHS = "$(inherited) @executable_path/Frameworks";
				PRODUCT_BUNDLE_IDENTIFIER = "com.bifftech.Blog-Reader";
				PRODUCT_NAME = "$(TARGET_NAME)";
			};
			name = Release;
		};
/* End XCBuildConfiguration section */

/* Begin XCConfigurationList section */
		961A84AE1BAC402A00B230F0 /* Build configuration list for PBXProject "Blog Reader" */ = {
			isa = XCConfigurationList;
			buildConfigurations = (
				961A84C81BAC402A00B230F0 /* Debug */,
				961A84C91BAC402A00B230F0 /* Release */,
			);
			defaultConfigurationIsVisible = 0;
			defaultConfigurationName = Release;
		};
		961A84CA1BAC402A00B230F0 /* Build configuration list for PBXNativeTarget "Blog Reader" */ = {
			isa = XCConfigurationList;
			buildConfigurations = (
				961A84CB1BAC402A00B230F0 /* Debug */,
				961A84CC1BAC402A00B230F0 /* Release */,
			);
			defaultConfigurationIsVisible = 0;
		};
/* End XCConfigurationList section */

/* Begin XCVersionGroup section */
		961A84B81BAC402A00B230F0 /* Blog_Reader.xcdatamodeld */ = {
			isa = XCVersionGroup;
			children = (
				961A84B91BAC402A00B230F0 /* Blog_Reader.xcdatamodel */,
			);
			currentVersion = 961A84B91BAC402A00B230F0 /* Blog_Reader.xcdatamodel */;
			path = Blog_Reader.xcdatamodeld;
			sourceTree = "<group>";
			versionGroupType = wrapper.xcdatamodel;
		};
/* End XCVersionGroup section */
	};
	rootObject = 961A84AB1BAC402A00B230F0 /* Project object */;
}
