// !$*UTF8*$!
{
	archiveVersion = 1;
	classes = {
	};
	objectVersion = 46;
	objects = {

/* Begin PBXBuildFile section */
		964266381B9704AD0004EBC7 /* AppDelegate.swift in Sources */ = {isa = PBXBuildFile; fileRef = 964266371B9704AD0004EBC7 /* AppDelegate.swift */; };
		9642663A1B9704AD0004EBC7 /* ViewController.swift in Sources */ = {isa = PBXBuildFile; fileRef = 964266391B9704AD0004EBC7 /* ViewController.swift */; };
		9642663D1B9704AD0004EBC7 /* Main.storyboard in Resources */ = {isa = PBXBuildFile; fileRef = 9642663B1B9704AD0004EBC7 /* Main.storyboard */; };
		9642663F1B9704AD0004EBC7 /* Assets.xcassets in Resources */ = {isa = PBXBuildFile; fileRef = 9642663E1B9704AD0004EBC7 /* Assets.xcassets */; };
		964266421B9704AD0004EBC7 /* LaunchScreen.storyboard in Resources */ = {isa = PBXBuildFile; fileRef = 964266401B9704AD0004EBC7 /* LaunchScreen.storyboard */; };
/* End PBXBuildFile section */

/* Begin PBXFileReference section */
		964266341B9704AD0004EBC7 /* Controlling The Keyboard.app */ = {isa = PBXFileReference; explicitFileType = wrapper.application; includeInIndex = 0; path = "Controlling The Keyboard.app"; sourceTree = BUILT_PRODUCTS_DIR; };
		964266371B9704AD0004EBC7 /* AppDelegate.swift */ = {isa = PBXFileReference; lastKnownFileType = sourcecode.swift; path = AppDelegate.swift; sourceTree = "<group>"; };
		964266391B9704AD0004EBC7 /* ViewController.swift */ = {isa = PBXFileReference; lastKnownFileType = sourcecode.swift; path = ViewController.swift; sourceTree = "<group>"; };
		9642663C1B9704AD0004EBC7 /* Base */ = {isa = PBXFileReference; lastKnownFileType = file.storyboard; name = Base; path = Base.lproj/Main.storyboard; sourceTree = "<group>"; };
		9642663E1B9704AD0004EBC7 /* Assets.xcassets */ = {isa = PBXFileReference; lastKnownFileType = folder.assetcatalog; path = Assets.xcassets; sourceTree = "<group>"; };
		964266411B9704AD0004EBC7 /* Base */ = {isa = PBXFileReference; lastKnownFileType = file.storyboard; name = Base; path = Base.lproj/LaunchScreen.storyboard; sourceTree = "<group>"; };
		964266431B9704AD0004EBC7 /* Info.plist */ = {isa = PBXFileReference; lastKnownFileType = text.plist.xml; path = Info.plist; sourceTree = "<group>"; };
/* End PBXFileReference section */

/* Begin PBXFrameworksBuildPhase section */
		964266311B9704AD0004EBC7 /* Frameworks */ = {
			isa = PBXFrameworksBuildPhase;
			buildActionMask = 2147483647;
			files = (
			);
			runOnlyForDeploymentPostprocessing = 0;
		};
/* End PBXFrameworksBuildPhase section */

/* Begin PBXGroup section */
		9642662B1B9704AD0004EBC7 = {
			isa = PBXGroup;
			children = (
				964266361B9704AD0004EBC7 /* Controlling The Keyboard */,
				964266351B9704AD0004EBC7 /* Products */,
			);
			sourceTree = "<group>";
		};
		964266351B9704AD0004EBC7 /* Products */ = {
			isa = PBXGroup;
			children = (
				964266341B9704AD0004EBC7 /* Controlling The Keyboard.app */,
			);
			name = Products;
			sourceTree = "<group>";
		};
		964266361B9704AD0004EBC7 /* Controlling The Keyboard */ = {
			isa = PBXGroup;
			children = (
				964266371B9704AD0004EBC7 /* AppDelegate.swift */,
				964266391B9704AD0004EBC7 /* ViewController.swift */,
				9642663B1B9704AD0004EBC7 /* Main.storyboard */,
				9642663E1B9704AD0004EBC7 /* Assets.xcassets */,
				964266401B9704AD0004EBC7 /* LaunchScreen.storyboard */,
				964266431B9704AD0004EBC7 /* Info.plist */,
			);
			path = "Controlling The Keyboard";
			sourceTree = "<group>";
		};
/* End PBXGroup section */

/* Begin PBXNativeTarget section */
		964266331B9704AD0004EBC7 /* Controlling The Keyboard */ = {
			isa = PBXNativeTarget;
			buildConfigurationList = 964266461B9704AD0004EBC7 /* Build configuration list for PBXNativeTarget "Controlling The Keyboard" */;
			buildPhases = (
				964266301B9704AD0004EBC7 /* Sources */,
				964266311B9704AD0004EBC7 /* Frameworks */,
				964266321B9704AD0004EBC7 /* Resources */,
			);
			buildRules = (
			);
			dependencies = (
			);
			name = "Controlling The Keyboard";
			productName = "Controlling The Keyboard";
			productReference = 964266341B9704AD0004EBC7 /* Controlling The Keyboard.app */;
			productType = "com.apple.product-type.application";
		};
/* End PBXNativeTarget section */

/* Begin PBXProject section */
		9642662C1B9704AD0004EBC7 /* Project object */ = {
			isa = PBXProject;
			attributes = {
				LastUpgradeCheck = 0700;
				ORGANIZATIONNAME = "Jim Veneskey";
				TargetAttributes = {
					964266331B9704AD0004EBC7 = {
						CreatedOnToolsVersion = 7.0;
					};
				};
			};
			buildConfigurationList = 9642662F1B9704AD0004EBC7 /* Build configuration list for PBXProject "Controlling The Keyboard" */;
			compatibilityVersion = "Xcode 3.2";
			developmentRegion = English;
			hasScannedForEncodings = 0;
			knownRegions = (
				en,
				Base,
			);
			mainGroup = 9642662B1B9704AD0004EBC7;
			productRefGroup = 964266351B9704AD0004EBC7 /* Products */;
			projectDirPath = "";
			projectRoot = "";
			targets = (
				964266331B9704AD0004EBC7 /* Controlling The Keyboard */,
			);
		};
/* End PBXProject section */

/* Begin PBXResourcesBuildPhase section */
		964266321B9704AD0004EBC7 /* Resources */ = {
			isa = PBXResourcesBuildPhase;
			buildActionMask = 2147483647;
			files = (
				964266421B9704AD0004EBC7 /* LaunchScreen.storyboard in Resources */,
				9642663F1B9704AD0004EBC7 /* Assets.xcassets in Resources */,
				9642663D1B9704AD0004EBC7 /* Main.storyboard in Resources */,
			);
			runOnlyForDeploymentPostprocessing = 0;
		};
/* End PBXResourcesBuildPhase section */

/* Begin PBXSourcesBuildPhase section */
		964266301B9704AD0004EBC7 /* Sources */ = {
			isa = PBXSourcesBuildPhase;
			buildActionMask = 2147483647;
			files = (
				9642663A1B9704AD0004EBC7 /* ViewController.swift in Sources */,
				964266381B9704AD0004EBC7 /* AppDelegate.swift in Sources */,
			);
			runOnlyForDeploymentPostprocessing = 0;
		};
/* End PBXSourcesBuildPhase section */

/* Begin PBXVariantGroup section */
		9642663B1B9704AD0004EBC7 /* Main.storyboard */ = {
			isa = PBXVariantGroup;
			children = (
				9642663C1B9704AD0004EBC7 /* Base */,
			);
			name = Main.storyboard;
			sourceTree = "<group>";
		};
		964266401B9704AD0004EBC7 /* LaunchScreen.storyboard */ = {
			isa = PBXVariantGroup;
			children = (
				964266411B9704AD0004EBC7 /* Base */,
			);
			name = LaunchScreen.storyboard;
			sourceTree = "<group>";
		};
/* End PBXVariantGroup section */

/* Begin XCBuildConfiguration section */
		964266441B9704AD0004EBC7 /* Debug */ = {
			isa = XCBuildConfiguration;
			buildSettings = {
				ALWAYS_SEARCH_USER_PATHS = NO;
				CLANG_CXX_LANGUAGE_STANDARD = "gnu++0x";
				CLANG_CXX_LIBRARY = "libc++";
				CLANG_ENABLE_MODULES = YES;
				CLANG_ENABLE_OBJC_ARC = YES;
				CLANG_WARN_BOOL_CONVERSION = YES;
				CLANG_WARN_CONSTANT_CONVERSION = YES;
				CLANG_WARN_DIRECT_OBJC_ISA_USAGE = YES_ERROR;
				CLANG_WARN_EMPTY_BODY = YES;
				CLANG_WARN_ENUM_CONVERSION = YES;
				CLANG_WARN_INT_CONVERSION = YES;
				CLANG_WARN_OBJC_ROOT_CLASS = YES_ERROR;
				CLANG_WARN_UNREACHABLE_CODE = YES;
				CLANG_WARN__DUPLICATE_METHOD_MATCH = YES;
				"CODE_SIGN_IDENTITY[sdk=iphoneos*]" = "iPhone Developer";
				COPY_PHASE_STRIP = NO;
				DEBUG_INFORMATION_FORMAT = dwarf;
				ENABLE_STRICT_OBJC_MSGSEND = YES;
				ENABLE_TESTABILITY = YES;
				GCC_C_LANGUAGE_STANDARD = gnu99;
				GCC_DYNAMIC_NO_PIC = NO;
				GCC_NO_COMMON_BLOCKS = YES;
				GCC_OPTIMIZATION_LEVEL = 0;
				GCC_PREPROCESSOR_DEFINITIONS = (
					"DEBUG=1",
					"$(inherited)",
				);
				GCC_WARN_64_TO_32_BIT_CONVERSION = YES;
				GCC_WARN_ABOUT_RETURN_TYPE = YES_ERROR;
				GCC_WARN_UNDECLARED_SELECTOR = YES;
				GCC_WARN_UNINITIALIZED_AUTOS = YES_AGGRESSIVE;
				GCC_WARN_UNUSED_FUNCTION = YES;
				GCC_WARN_UNUSED_VARIABLE = YES;
				IPHONEOS_DEPLOYMENT_TARGET = 9.0;
				MTL_ENABLE_DEBUG_INFO = YES;
				ONLY_ACTIVE_ARCH = YES;
				SDKROOT = iphoneos;
				SWIFT_OPTIMIZATION_LEVEL = "-Onone";
			};
			name = Debug;
		};
		964266451B9704AD0004EBC7 /* Release */ = {
			isa = XCBuildConfiguration;
			buildSettings = {
				ALWAYS_SEARCH_USER_PATHS = NO;
				CLANG_CXX_LANGUAGE_STANDARD = "gnu++0x";
				CLANG_CXX_LIBRARY = "libc++";
				CLANG_ENABLE_MODULES = YES;
				CLANG_ENABLE_OBJC_ARC = YES;
				CLANG_WARN_BOOL_CONVERSION = YES;
				CLANG_WARN_CONSTANT_CONVERSION = YES;
				CLANG_WARN_DIRECT_OBJC_ISA_USAGE = YES_ERROR;
				CLANG_WARN_EMPTY_BODY = YES;
				CLANG_WARN_ENUM_CONVERSION = YES;
				CLANG_WARN_INT_CONVERSION = YES;
				CLANG_WARN_OBJC_ROOT_CLASS = YES_ERROR;
				CLANG_WARN_UNREACHABLE_CODE = YES;
				CLANG_WARN__DUPLICATE_METHOD_MATCH = YES;
				"CODE_SIGN_IDENTITY[sdk=iphoneos*]" = "iPhone Developer";
				COPY_PHASE_STRIP = NO;
				DEBUG_INFORMATION_FORMAT = "dwarf-with-dsym";
				ENABLE_NS_ASSERTIONS = NO;
				ENABLE_STRICT_OBJC_MSGSEND = YES;
				GCC_C_LANGUAGE_STANDARD = gnu99;
				GCC_NO_COMMON_BLOCKS = YES;
				GCC_WARN_64_TO_32_BIT_CONVERSION = YES;
				GCC_WARN_ABOUT_RETURN_TYPE = YES_ERROR;
				GCC_WARN_UNDECLARED_SELECTOR = YES;
				GCC_WARN_UNINITIALIZED_AUTOS = YES_AGGRESSIVE;
				GCC_WARN_UNUSED_FUNCTION = YES;
				GCC_WARN_UNUSED_VARIABLE = YES;
				IPHONEOS_DEPLOYMENT_TARGET = 9.0;
				MTL_ENABLE_DEBUG_INFO = NO;
				SDKROOT = iphoneos;
				VALIDATE_PRODUCT = YES;
			};
			name = Release;
		};
		964266471B9704AD0004EBC7 /* Debug */ = {
			isa = XCBuildConfiguration;
			buildSettings = {
				ASSETCATALOG_COMPILER_APPICON_NAME = AppIcon;
				INFOPLIST_FILE = "Controlling The Keyboard/Info.plist";
				LD_RUNPATH_SEARCH_PATHS = "$(inherited) @executable_path/Frameworks";
				PRODUCT_BUNDLE_IDENTIFIER = "com.strifecrafter.Controlling-The-Keyboard";
				PRODUCT_NAME = "$(TARGET_NAME)";
			};
			name = Debug;
		};
		964266481B9704AD0004EBC7 /* Release */ = {
			isa = XCBuildConfiguration;
			buildSettings = {
				ASSETCATALOG_COMPILER_APPICON_NAME = AppIcon;
				INFOPLIST_FILE = "Controlling The Keyboard/Info.plist";
				LD_RUNPATH_SEARCH_PATHS = "$(inherited) @executable_path/Frameworks";
				PRODUCT_BUNDLE_IDENTIFIER = "com.strifecrafter.Controlling-The-Keyboard";
				PRODUCT_NAME = "$(TARGET_NAME)";
			};
			name = Release;
		};
/* End XCBuildConfiguration section */

/* Begin XCConfigurationList section */
		9642662F1B9704AD0004EBC7 /* Build configuration list for PBXProject "Controlling The Keyboard" */ = {
			isa = XCConfigurationList;
			buildConfigurations = (
				964266441B9704AD0004EBC7 /* Debug */,
				964266451B9704AD0004EBC7 /* Release */,
			);
			defaultConfigurationIsVisible = 0;
			defaultConfigurationName = Release;
		};
		964266461B9704AD0004EBC7 /* Build configuration list for PBXNativeTarget "Controlling The Keyboard" */ = {
			isa = XCConfigurationList;
			buildConfigurations = (
				964266471B9704AD0004EBC7 /* Debug */,
				964266481B9704AD0004EBC7 /* Release */,
			);
			defaultConfigurationIsVisible = 0;
		};
/* End XCConfigurationList section */
	};
	rootObject = 9642662C1B9704AD0004EBC7 /* Project object */;
}
